// !$*UTF8*$!
{
	archiveVersion = 1;
	classes = {
	};
	objectVersion = 48;
	objects = {

/* Begin PBXBuildFile section */
		CB0D70A720464BEE000EB616 /* AppDelegate.swift in Sources */ = {isa = PBXBuildFile; fileRef = CB0D70A620464BEE000EB616 /* AppDelegate.swift */; };
		CB0D70A920464BEE000EB616 /* HomeViewController.swift in Sources */ = {isa = PBXBuildFile; fileRef = CB0D70A820464BEE000EB616 /* HomeViewController.swift */; };
		CB0D70AB20464BEE000EB616 /* SettingViewController.swift in Sources */ = {isa = PBXBuildFile; fileRef = CB0D70AA20464BEE000EB616 /* SettingViewController.swift */; };
		CB0D70AE20464BEE000EB616 /* Main.storyboard in Resources */ = {isa = PBXBuildFile; fileRef = CB0D70AC20464BEE000EB616 /* Main.storyboard */; };
		CB0D70B020464BEE000EB616 /* Assets.xcassets in Resources */ = {isa = PBXBuildFile; fileRef = CB0D70AF20464BEE000EB616 /* Assets.xcassets */; };
		CB0D70B320464BEE000EB616 /* LaunchScreen.storyboard in Resources */ = {isa = PBXBuildFile; fileRef = CB0D70B120464BEE000EB616 /* LaunchScreen.storyboard */; };
		CB0D70BE20464BEF000EB616 /* KidHelperTests.swift in Sources */ = {isa = PBXBuildFile; fileRef = CB0D70BD20464BEF000EB616 /* KidHelperTests.swift */; };
		CB0D70C920464BEF000EB616 /* KidHelperUITests.swift in Sources */ = {isa = PBXBuildFile; fileRef = CB0D70C820464BEF000EB616 /* KidHelperUITests.swift */; };
		CB0D70D72046512A000EB616 /* SpeechUtteranceManager.swift in Sources */ = {isa = PBXBuildFile; fileRef = CB0D70D62046512A000EB616 /* SpeechUtteranceManager.swift */; };
		CB0D70DC20465CE0000EB616 /* SectionDataM.swift in Sources */ = {isa = PBXBuildFile; fileRef = CB0D70DB20465CE0000EB616 /* SectionDataM.swift */; };
		CB0D70DE20465CF3000EB616 /* CellDataM.swift in Sources */ = {isa = PBXBuildFile; fileRef = CB0D70DD20465CF3000EB616 /* CellDataM.swift */; };
		CB0D70E020467422000EB616 /* TextInputContrViewController.swift in Sources */ = {isa = PBXBuildFile; fileRef = CB0D70DF20467422000EB616 /* TextInputContrViewController.swift */; };
		CB0D70E320469763000EB616 /* DataProvider.swift in Sources */ = {isa = PBXBuildFile; fileRef = CB0D70E220469763000EB616 /* DataProvider.swift */; };
		CB0D70E52046A1ED000EB616 /* KeyConstant.swift in Sources */ = {isa = PBXBuildFile; fileRef = CB0D70E42046A1ED000EB616 /* KeyConstant.swift */; };
		CB0D70E720479F31000EB616 /* iCloudManager.swift in Sources */ = {isa = PBXBuildFile; fileRef = CB0D70E620479F31000EB616 /* iCloudManager.swift */; };
		CBFEDBC72047A29B007528B8 /* AVFoundation.framework in Frameworks */ = {isa = PBXBuildFile; fileRef = CB0D70D9204651FB000EB616 /* AVFoundation.framework */; };
/* End PBXBuildFile section */

/* Begin PBXContainerItemProxy section */
		CB0D70BA20464BEF000EB616 /* PBXContainerItemProxy */ = {
			isa = PBXContainerItemProxy;
			containerPortal = CB0D709B20464BEE000EB616 /* Project object */;
			proxyType = 1;
			remoteGlobalIDString = CB0D70A220464BEE000EB616;
			remoteInfo = KidHelper;
		};
		CB0D70C520464BEF000EB616 /* PBXContainerItemProxy */ = {
			isa = PBXContainerItemProxy;
			containerPortal = CB0D709B20464BEE000EB616 /* Project object */;
			proxyType = 1;
			remoteGlobalIDString = CB0D70A220464BEE000EB616;
			remoteInfo = KidHelper;
		};
/* End PBXContainerItemProxy section */

/* Begin PBXFileReference section */
		CB0D70A320464BEE000EB616 /* KidHelper.app */ = {isa = PBXFileReference; explicitFileType = wrapper.application; includeInIndex = 0; path = KidHelper.app; sourceTree = BUILT_PRODUCTS_DIR; };
		CB0D70A620464BEE000EB616 /* AppDelegate.swift */ = {isa = PBXFileReference; lastKnownFileType = sourcecode.swift; path = AppDelegate.swift; sourceTree = "<group>"; };
		CB0D70A820464BEE000EB616 /* HomeViewController.swift */ = {isa = PBXFileReference; lastKnownFileType = sourcecode.swift; path = HomeViewController.swift; sourceTree = "<group>"; };
		CB0D70AA20464BEE000EB616 /* SettingViewController.swift */ = {isa = PBXFileReference; lastKnownFileType = sourcecode.swift; path = SettingViewController.swift; sourceTree = "<group>"; };
		CB0D70AD20464BEE000EB616 /* Base */ = {isa = PBXFileReference; lastKnownFileType = file.storyboard; name = Base; path = Base.lproj/Main.storyboard; sourceTree = "<group>"; };
		CB0D70AF20464BEE000EB616 /* Assets.xcassets */ = {isa = PBXFileReference; lastKnownFileType = folder.assetcatalog; path = Assets.xcassets; sourceTree = "<group>"; };
		CB0D70B220464BEE000EB616 /* Base */ = {isa = PBXFileReference; lastKnownFileType = file.storyboard; name = Base; path = Base.lproj/LaunchScreen.storyboard; sourceTree = "<group>"; };
		CB0D70B420464BEE000EB616 /* Info.plist */ = {isa = PBXFileReference; lastKnownFileType = text.plist.xml; path = Info.plist; sourceTree = "<group>"; };
		CB0D70B920464BEF000EB616 /* KidHelperTests.xctest */ = {isa = PBXFileReference; explicitFileType = wrapper.cfbundle; includeInIndex = 0; path = KidHelperTests.xctest; sourceTree = BUILT_PRODUCTS_DIR; };
		CB0D70BD20464BEF000EB616 /* KidHelperTests.swift */ = {isa = PBXFileReference; lastKnownFileType = sourcecode.swift; path = KidHelperTests.swift; sourceTree = "<group>"; };
		CB0D70BF20464BEF000EB616 /* Info.plist */ = {isa = PBXFileReference; lastKnownFileType = text.plist.xml; path = Info.plist; sourceTree = "<group>"; };
		CB0D70C420464BEF000EB616 /* KidHelperUITests.xctest */ = {isa = PBXFileReference; explicitFileType = wrapper.cfbundle; includeInIndex = 0; path = KidHelperUITests.xctest; sourceTree = BUILT_PRODUCTS_DIR; };
		CB0D70C820464BEF000EB616 /* KidHelperUITests.swift */ = {isa = PBXFileReference; lastKnownFileType = sourcecode.swift; path = KidHelperUITests.swift; sourceTree = "<group>"; };
		CB0D70CA20464BEF000EB616 /* Info.plist */ = {isa = PBXFileReference; lastKnownFileType = text.plist.xml; path = Info.plist; sourceTree = "<group>"; };
		CB0D70D62046512A000EB616 /* SpeechUtteranceManager.swift */ = {isa = PBXFileReference; lastKnownFileType = sourcecode.swift; path = SpeechUtteranceManager.swift; sourceTree = "<group>"; };
		CB0D70D9204651FB000EB616 /* AVFoundation.framework */ = {isa = PBXFileReference; lastKnownFileType = wrapper.framework; name = AVFoundation.framework; path = System/Library/Frameworks/AVFoundation.framework; sourceTree = SDKROOT; };
		CB0D70DB20465CE0000EB616 /* SectionDataM.swift */ = {isa = PBXFileReference; lastKnownFileType = sourcecode.swift; path = SectionDataM.swift; sourceTree = "<group>"; };
		CB0D70DD20465CF3000EB616 /* CellDataM.swift */ = {isa = PBXFileReference; lastKnownFileType = sourcecode.swift; path = CellDataM.swift; sourceTree = "<group>"; };
		CB0D70DF20467422000EB616 /* TextInputContrViewController.swift */ = {isa = PBXFileReference; lastKnownFileType = sourcecode.swift; path = TextInputContrViewController.swift; sourceTree = "<group>"; };
		CB0D70E120469288000EB616 /* KidHelper.entitlements */ = {isa = PBXFileReference; lastKnownFileType = text.plist.entitlements; path = KidHelper.entitlements; sourceTree = "<group>"; };
		CB0D70E220469763000EB616 /* DataProvider.swift */ = {isa = PBXFileReference; lastKnownFileType = sourcecode.swift; path = DataProvider.swift; sourceTree = "<group>"; };
		CB0D70E42046A1ED000EB616 /* KeyConstant.swift */ = {isa = PBXFileReference; lastKnownFileType = sourcecode.swift; path = KeyConstant.swift; sourceTree = "<group>"; };
		CB0D70E620479F31000EB616 /* iCloudManager.swift */ = {isa = PBXFileReference; lastKnownFileType = sourcecode.swift; path = iCloudManager.swift; sourceTree = "<group>"; };
/* End PBXFileReference section */

/* Begin PBXFrameworksBuildPhase section */
		CB0D70A020464BEE000EB616 /* Frameworks */ = {
			isa = PBXFrameworksBuildPhase;
			buildActionMask = 2147483647;
			files = (
				CBFEDBC72047A29B007528B8 /* AVFoundation.framework in Frameworks */,
			);
			runOnlyForDeploymentPostprocessing = 0;
		};
		CB0D70B620464BEF000EB616 /* Frameworks */ = {
			isa = PBXFrameworksBuildPhase;
			buildActionMask = 2147483647;
			files = (
			);
			runOnlyForDeploymentPostprocessing = 0;
		};
		CB0D70C120464BEF000EB616 /* Frameworks */ = {
			isa = PBXFrameworksBuildPhase;
			buildActionMask = 2147483647;
			files = (
			);
			runOnlyForDeploymentPostprocessing = 0;
		};
/* End PBXFrameworksBuildPhase section */

/* Begin PBXGroup section */
		CB0D709A20464BEE000EB616 = {
			isa = PBXGroup;
			children = (
				CB0D70A520464BEE000EB616 /* KidHelper */,
				CB0D70BC20464BEF000EB616 /* KidHelperTests */,
				CB0D70C720464BEF000EB616 /* KidHelperUITests */,
				CB0D70A420464BEE000EB616 /* Products */,
				CB0D70D8204651FB000EB616 /* Frameworks */,
			);
			sourceTree = "<group>";
		};
		CB0D70A420464BEE000EB616 /* Products */ = {
			isa = PBXGroup;
			children = (
				CB0D70A320464BEE000EB616 /* KidHelper.app */,
				CB0D70B920464BEF000EB616 /* KidHelperTests.xctest */,
				CB0D70C420464BEF000EB616 /* KidHelperUITests.xctest */,
			);
			name = Products;
			sourceTree = "<group>";
		};
		CB0D70A520464BEE000EB616 /* KidHelper */ = {
			isa = PBXGroup;
			children = (
				CBD4B2AF2047B4BC00CF7F85 /* Extension */,
				CB0D70E120469288000EB616 /* KidHelper.entitlements */,
				CB0D70A620464BEE000EB616 /* AppDelegate.swift */,
				CB0D70A820464BEE000EB616 /* HomeViewController.swift */,
				CB0D70AA20464BEE000EB616 /* SettingViewController.swift */,
				CB0D70AC20464BEE000EB616 /* Main.storyboard */,
				CB0D70AF20464BEE000EB616 /* Assets.xcassets */,
				CB0D70B120464BEE000EB616 /* LaunchScreen.storyboard */,
				CB0D70B420464BEE000EB616 /* Info.plist */,
				CB0D70D62046512A000EB616 /* SpeechUtteranceManager.swift */,
				CB0D70DB20465CE0000EB616 /* SectionDataM.swift */,
				CB0D70DD20465CF3000EB616 /* CellDataM.swift */,
				CB0D70DF20467422000EB616 /* TextInputContrViewController.swift */,
				CB0D70E220469763000EB616 /* DataProvider.swift */,
				CB0D70E42046A1ED000EB616 /* KeyConstant.swift */,
				CB0D70E620479F31000EB616 /* iCloudManager.swift */,
			);
			path = KidHelper;
			sourceTree = "<group>";
		};
		CB0D70BC20464BEF000EB616 /* KidHelperTests */ = {
			isa = PBXGroup;
			children = (
				CB0D70BD20464BEF000EB616 /* KidHelperTests.swift */,
				CB0D70BF20464BEF000EB616 /* Info.plist */,
			);
			path = KidHelperTests;
			sourceTree = "<group>";
		};
		CB0D70C720464BEF000EB616 /* KidHelperUITests */ = {
			isa = PBXGroup;
			children = (
				CB0D70C820464BEF000EB616 /* KidHelperUITests.swift */,
				CB0D70CA20464BEF000EB616 /* Info.plist */,
			);
			path = KidHelperUITests;
			sourceTree = "<group>";
		};
		CB0D70D8204651FB000EB616 /* Frameworks */ = {
			isa = PBXGroup;
			children = (
				CB0D70D9204651FB000EB616 /* AVFoundation.framework */,
			);
			name = Frameworks;
			sourceTree = "<group>";
		};
		CBD4B2AF2047B4BC00CF7F85 /* Extension */ = {
			isa = PBXGroup;
			children = (
			);
			path = Extension;
			sourceTree = "<group>";
		};
/* End PBXGroup section */

/* Begin PBXNativeTarget section */
		CB0D70A220464BEE000EB616 /* KidHelper */ = {
			isa = PBXNativeTarget;
			buildConfigurationList = CB0D70CD20464BEF000EB616 /* Build configuration list for PBXNativeTarget "KidHelper" */;
			buildPhases = (
				CB0D709F20464BEE000EB616 /* Sources */,
				CB0D70A020464BEE000EB616 /* Frameworks */,
				CB0D70A120464BEE000EB616 /* Resources */,
			);
			buildRules = (
			);
			dependencies = (
			);
			name = KidHelper;
			productName = KidHelper;
			productReference = CB0D70A320464BEE000EB616 /* KidHelper.app */;
			productType = "com.apple.product-type.application";
		};
		CB0D70B820464BEF000EB616 /* KidHelperTests */ = {
			isa = PBXNativeTarget;
			buildConfigurationList = CB0D70D020464BEF000EB616 /* Build configuration list for PBXNativeTarget "KidHelperTests" */;
			buildPhases = (
				CB0D70B520464BEF000EB616 /* Sources */,
				CB0D70B620464BEF000EB616 /* Frameworks */,
				CB0D70B720464BEF000EB616 /* Resources */,
			);
			buildRules = (
			);
			dependencies = (
				CB0D70BB20464BEF000EB616 /* PBXTargetDependency */,
			);
			name = KidHelperTests;
			productName = KidHelperTests;
			productReference = CB0D70B920464BEF000EB616 /* KidHelperTests.xctest */;
			productType = "com.apple.product-type.bundle.unit-test";
		};
		CB0D70C320464BEF000EB616 /* KidHelperUITests */ = {
			isa = PBXNativeTarget;
			buildConfigurationList = CB0D70D320464BEF000EB616 /* Build configuration list for PBXNativeTarget "KidHelperUITests" */;
			buildPhases = (
				CB0D70C020464BEF000EB616 /* Sources */,
				CB0D70C120464BEF000EB616 /* Frameworks */,
				CB0D70C220464BEF000EB616 /* Resources */,
			);
			buildRules = (
			);
			dependencies = (
				CB0D70C620464BEF000EB616 /* PBXTargetDependency */,
			);
			name = KidHelperUITests;
			productName = KidHelperUITests;
			productReference = CB0D70C420464BEF000EB616 /* KidHelperUITests.xctest */;
			productType = "com.apple.product-type.bundle.ui-testing";
		};
/* End PBXNativeTarget section */

/* Begin PBXProject section */
		CB0D709B20464BEE000EB616 /* Project object */ = {
			isa = PBXProject;
			attributes = {
				LastSwiftUpdateCheck = 0920;
				LastUpgradeCheck = 0920;
				ORGANIZATIONNAME = "Liu PingAn";
				TargetAttributes = {
					CB0D70A220464BEE000EB616 = {
						CreatedOnToolsVersion = 9.2;
						ProvisioningStyle = Automatic;
						SystemCapabilities = {
							com.apple.BackgroundModes = {
								enabled = 1;
							};
							com.apple.Keychain = {
								enabled = 0;
							};
							com.apple.iCloud = {
								enabled = 1;
							};
						};
					};
					CB0D70B820464BEF000EB616 = {
						CreatedOnToolsVersion = 9.2;
						ProvisioningStyle = Automatic;
						TestTargetID = CB0D70A220464BEE000EB616;
					};
					CB0D70C320464BEF000EB616 = {
						CreatedOnToolsVersion = 9.2;
						ProvisioningStyle = Automatic;
						TestTargetID = CB0D70A220464BEE000EB616;
					};
				};
			};
			buildConfigurationList = CB0D709E20464BEE000EB616 /* Build configuration list for PBXProject "KidHelper" */;
			compatibilityVersion = "Xcode 8.0";
			developmentRegion = en;
			hasScannedForEncodings = 0;
			knownRegions = (
				en,
				Base,
			);
			mainGroup = CB0D709A20464BEE000EB616;
			productRefGroup = CB0D70A420464BEE000EB616 /* Products */;
			projectDirPath = "";
			projectRoot = "";
			targets = (
				CB0D70A220464BEE000EB616 /* KidHelper */,
				CB0D70B820464BEF000EB616 /* KidHelperTests */,
				CB0D70C320464BEF000EB616 /* KidHelperUITests */,
			);
		};
/* End PBXProject section */

/* Begin PBXResourcesBuildPhase section */
		CB0D70A120464BEE000EB616 /* Resources */ = {
			isa = PBXResourcesBuildPhase;
			buildActionMask = 2147483647;
			files = (
				CB0D70B320464BEE000EB616 /* LaunchScreen.storyboard in Resources */,
				CB0D70B020464BEE000EB616 /* Assets.xcassets in Resources */,
				CB0D70AE20464BEE000EB616 /* Main.storyboard in Resources */,
			);
			runOnlyForDeploymentPostprocessing = 0;
		};
		CB0D70B720464BEF000EB616 /* Resources */ = {
			isa = PBXResourcesBuildPhase;
			buildActionMask = 2147483647;
			files = (
			);
			runOnlyForDeploymentPostprocessing = 0;
		};
		CB0D70C220464BEF000EB616 /* Resources */ = {
			isa = PBXResourcesBuildPhase;
			buildActionMask = 2147483647;
			files = (
			);
			runOnlyForDeploymentPostprocessing = 0;
		};
/* End PBXResourcesBuildPhase section */

/* Begin PBXSourcesBuildPhase section */
		CB0D709F20464BEE000EB616 /* Sources */ = {
			isa = PBXSourcesBuildPhase;
			buildActionMask = 2147483647;
			files = (
				CB0D70AB20464BEE000EB616 /* SettingViewController.swift in Sources */,
				CB0D70E020467422000EB616 /* TextInputContrViewController.swift in Sources */,
				CB0D70E320469763000EB616 /* DataProvider.swift in Sources */,
				CB0D70D72046512A000EB616 /* SpeechUtteranceManager.swift in Sources */,
				CB0D70DC20465CE0000EB616 /* SectionDataM.swift in Sources */,
				CB0D70E720479F31000EB616 /* iCloudManager.swift in Sources */,
				CB0D70DE20465CF3000EB616 /* CellDataM.swift in Sources */,
				CB0D70A720464BEE000EB616 /* AppDelegate.swift in Sources */,
				CB0D70E52046A1ED000EB616 /* KeyConstant.swift in Sources */,
				CB0D70A920464BEE000EB616 /* HomeViewController.swift in Sources */,
			);
			runOnlyForDeploymentPostprocessing = 0;
		};
		CB0D70B520464BEF000EB616 /* Sources */ = {
			isa = PBXSourcesBuildPhase;
			buildActionMask = 2147483647;
			files = (
				CB0D70BE20464BEF000EB616 /* KidHelperTests.swift in Sources */,
			);
			runOnlyForDeploymentPostprocessing = 0;
		};
		CB0D70C020464BEF000EB616 /* Sources */ = {
			isa = PBXSourcesBuildPhase;
			buildActionMask = 2147483647;
			files = (
				CB0D70C920464BEF000EB616 /* KidHelperUITests.swift in Sources */,
			);
			runOnlyForDeploymentPostprocessing = 0;
		};
/* End PBXSourcesBuildPhase section */

/* Begin PBXTargetDependency section */
		CB0D70BB20464BEF000EB616 /* PBXTargetDependency */ = {
			isa = PBXTargetDependency;
			target = CB0D70A220464BEE000EB616 /* KidHelper */;
			targetProxy = CB0D70BA20464BEF000EB616 /* PBXContainerItemProxy */;
		};
		CB0D70C620464BEF000EB616 /* PBXTargetDependency */ = {
			isa = PBXTargetDependency;
			target = CB0D70A220464BEE000EB616 /* KidHelper */;
			targetProxy = CB0D70C520464BEF000EB616 /* PBXContainerItemProxy */;
		};
/* End PBXTargetDependency section */

/* Begin PBXVariantGroup section */
		CB0D70AC20464BEE000EB616 /* Main.storyboard */ = {
			isa = PBXVariantGroup;
			children = (
				CB0D70AD20464BEE000EB616 /* Base */,
			);
			name = Main.storyboard;
			sourceTree = "<group>";
		};
		CB0D70B120464BEE000EB616 /* LaunchScreen.storyboard */ = {
			isa = PBXVariantGroup;
			children = (
				CB0D70B220464BEE000EB616 /* Base */,
			);
			name = LaunchScreen.storyboard;
			sourceTree = "<group>";
		};
/* End PBXVariantGroup section */

/* Begin XCBuildConfiguration section */
		CB0D70CB20464BEF000EB616 /* Debug */ = {
			isa = XCBuildConfiguration;
			buildSettings = {
				ALWAYS_SEARCH_USER_PATHS = NO;
				CLANG_ANALYZER_NONNULL = YES;
				CLANG_ANALYZER_NUMBER_OBJECT_CONVERSION = YES_AGGRESSIVE;
				CLANG_CXX_LANGUAGE_STANDARD = "gnu++14";
				CLANG_CXX_LIBRARY = "libc++";
				CLANG_ENABLE_MODULES = YES;
				CLANG_ENABLE_OBJC_ARC = YES;
				CLANG_WARN_BLOCK_CAPTURE_AUTORELEASING = YES;
				CLANG_WARN_BOOL_CONVERSION = YES;
				CLANG_WARN_COMMA = YES;
				CLANG_WARN_CONSTANT_CONVERSION = YES;
				CLANG_WARN_DIRECT_OBJC_ISA_USAGE = YES_ERROR;
				CLANG_WARN_DOCUMENTATION_COMMENTS = YES;
				CLANG_WARN_EMPTY_BODY = YES;
				CLANG_WARN_ENUM_CONVERSION = YES;
				CLANG_WARN_INFINITE_RECURSION = YES;
				CLANG_WARN_INT_CONVERSION = YES;
				CLANG_WARN_NON_LITERAL_NULL_CONVERSION = YES;
				CLANG_WARN_OBJC_LITERAL_CONVERSION = YES;
				CLANG_WARN_OBJC_ROOT_CLASS = YES_ERROR;
				CLANG_WARN_RANGE_LOOP_ANALYSIS = YES;
				CLANG_WARN_STRICT_PROTOTYPES = YES;
				CLANG_WARN_SUSPICIOUS_MOVE = YES;
				CLANG_WARN_UNGUARDED_AVAILABILITY = YES_AGGRESSIVE;
				CLANG_WARN_UNREACHABLE_CODE = YES;
				CLANG_WARN__DUPLICATE_METHOD_MATCH = YES;
				CODE_SIGN_IDENTITY = "iPhone Developer";
				COPY_PHASE_STRIP = NO;
				DEBUG_INFORMATION_FORMAT = dwarf;
				ENABLE_STRICT_OBJC_MSGSEND = YES;
				ENABLE_TESTABILITY = YES;
				GCC_C_LANGUAGE_STANDARD = gnu11;
				GCC_DYNAMIC_NO_PIC = NO;
				GCC_NO_COMMON_BLOCKS = YES;
				GCC_OPTIMIZATION_LEVEL = 0;
				GCC_PREPROCESSOR_DEFINITIONS = (
					"DEBUG=1",
					"$(inherited)",
				);
				GCC_WARN_64_TO_32_BIT_CONVERSION = YES;
				GCC_WARN_ABOUT_RETURN_TYPE = YES_ERROR;
				GCC_WARN_UNDECLARED_SELECTOR = YES;
				GCC_WARN_UNINITIALIZED_AUTOS = YES_AGGRESSIVE;
				GCC_WARN_UNUSED_FUNCTION = YES;
				GCC_WARN_UNUSED_VARIABLE = YES;
				IPHONEOS_DEPLOYMENT_TARGET = 11.2;
				MTL_ENABLE_DEBUG_INFO = YES;
				ONLY_ACTIVE_ARCH = YES;
				SDKROOT = iphoneos;
				SWIFT_ACTIVE_COMPILATION_CONDITIONS = DEBUG;
				SWIFT_OPTIMIZATION_LEVEL = "-Onone";
			};
			name = Debug;
		};
		CB0D70CC20464BEF000EB616 /* Release */ = {
			isa = XCBuildConfiguration;
			buildSettings = {
				ALWAYS_SEARCH_USER_PATHS = NO;
				CLANG_ANALYZER_NONNULL = YES;
				CLANG_ANALYZER_NUMBER_OBJECT_CONVERSION = YES_AGGRESSIVE;
				CLANG_CXX_LANGUAGE_STANDARD = "gnu++14";
				CLANG_CXX_LIBRARY = "libc++";
				CLANG_ENABLE_MODULES = YES;
				CLANG_ENABLE_OBJC_ARC = YES;
				CLANG_WARN_BLOCK_CAPTURE_AUTORELEASING = YES;
				CLANG_WARN_BOOL_CONVERSION = YES;
				CLANG_WARN_COMMA = YES;
				CLANG_WARN_CONSTANT_CONVERSION = YES;
				CLANG_WARN_DIRECT_OBJC_ISA_USAGE = YES_ERROR;
				CLANG_WARN_DOCUMENTATION_COMMENTS = YES;
				CLANG_WARN_EMPTY_BODY = YES;
				CLANG_WARN_ENUM_CONVERSION = YES;
				CLANG_WARN_INFINITE_RECURSION = YES;
				CLANG_WARN_INT_CONVERSION = YES;
				CLANG_WARN_NON_LITERAL_NULL_CONVERSION = YES;
				CLANG_WARN_OBJC_LITERAL_CONVERSION = YES;
				CLANG_WARN_OBJC_ROOT_CLASS = YES_ERROR;
				CLANG_WARN_RANGE_LOOP_ANALYSIS = YES;
				CLANG_WARN_STRICT_PROTOTYPES = YES;
				CLANG_WARN_SUSPICIOUS_MOVE = YES;
				CLANG_WARN_UNGUARDED_AVAILABILITY = YES_AGGRESSIVE;
				CLANG_WARN_UNREACHABLE_CODE = YES;
				CLANG_WARN__DUPLICATE_METHOD_MATCH = YES;
				CODE_SIGN_IDENTITY = "iPhone Developer";
				COPY_PHASE_STRIP = NO;
				DEBUG_INFORMATION_FORMAT = "dwarf-with-dsym";
				ENABLE_NS_ASSERTIONS = NO;
				ENABLE_STRICT_OBJC_MSGSEND = YES;
				GCC_C_LANGUAGE_STANDARD = gnu11;
				GCC_NO_COMMON_BLOCKS = YES;
				GCC_WARN_64_TO_32_BIT_CONVERSION = YES;
				GCC_WARN_ABOUT_RETURN_TYPE = YES_ERROR;
				GCC_WARN_UNDECLARED_SELECTOR = YES;
				GCC_WARN_UNINITIALIZED_AUTOS = YES_AGGRESSIVE;
				GCC_WARN_UNUSED_FUNCTION = YES;
				GCC_WARN_UNUSED_VARIABLE = YES;
				IPHONEOS_DEPLOYMENT_TARGET = 11.2;
				MTL_ENABLE_DEBUG_INFO = NO;
				SDKROOT = iphoneos;
				SWIFT_OPTIMIZATION_LEVEL = "-Owholemodule";
				VALIDATE_PRODUCT = YES;
			};
			name = Release;
		};
		CB0D70CE20464BEF000EB616 /* Debug */ = {
			isa = XCBuildConfiguration;
			buildSettings = {
				ASSETCATALOG_COMPILER_APPICON_NAME = AppIcon;
				CODE_SIGN_ENTITLEMENTS = KidHelper/KidHelper.entitlements;
				CODE_SIGN_STYLE = Automatic;
				DEVELOPMENT_TEAM = RTCEZS3U4Z;
				INFOPLIST_FILE = KidHelper/Info.plist;
				IPHONEOS_DEPLOYMENT_TARGET = 10.3;
				LD_RUNPATH_SEARCH_PATHS = "$(inherited) @executable_path/Frameworks";
				PRODUCT_BUNDLE_IDENTIFIER = com.rds.mos.KidHelper;
				PRODUCT_NAME = "$(TARGET_NAME)";
				SWIFT_VERSION = 4.0;
				TARGETED_DEVICE_FAMILY = "1,2";
			};
			name = Debug;
		};
		CB0D70CF20464BEF000EB616 /* Release */ = {
			isa = XCBuildConfiguration;
			buildSettings = {
				ASSETCATALOG_COMPILER_APPICON_NAME = AppIcon;
				CODE_SIGN_ENTITLEMENTS = KidHelper/KidHelper.entitlements;
				CODE_SIGN_STYLE = Automatic;
				DEVELOPMENT_TEAM = RTCEZS3U4Z;
				INFOPLIST_FILE = KidHelper/Info.plist;
				IPHONEOS_DEPLOYMENT_TARGET = 10.3;
				LD_RUNPATH_SEARCH_PATHS = "$(inherited) @executable_path/Frameworks";
				PRODUCT_BUNDLE_IDENTIFIER = com.rds.mos.KidHelper;
				PRODUCT_NAME = "$(TARGET_NAME)";
				SWIFT_VERSION = 4.0;
				TARGETED_DEVICE_FAMILY = "1,2";
			};
			name = Release;
		};
		CB0D70D120464BEF000EB616 /* Debug */ = {
			isa = XCBuildConfiguration;
			buildSettings = {
				ALWAYS_EMBED_SWIFT_STANDARD_LIBRARIES = YES;
				BUNDLE_LOADER = "$(TEST_HOST)";
				CODE_SIGN_STYLE = Automatic;
				DEVELOPMENT_TEAM = 2A2G9N54ZA;
				INFOPLIST_FILE = KidHelperTests/Info.plist;
				LD_RUNPATH_SEARCH_PATHS = "$(inherited) @executable_path/Frameworks @loader_path/Frameworks";
				PRODUCT_BUNDLE_IDENTIFIER = cn.com.chaser.KidHelperTests;
				PRODUCT_NAME = "$(TARGET_NAME)";
				SWIFT_VERSION = 4.0;
				TARGETED_DEVICE_FAMILY = "1,2";
				TEST_HOST = "$(BUILT_PRODUCTS_DIR)/KidHelper.app/KidHelper";
			};
			name = Debug;
		};
		CB0D70D220464BEF000EB616 /* Release */ = {
			isa = XCBuildConfiguration;
			buildSettings = {
				ALWAYS_EMBED_SWIFT_STANDARD_LIBRARIES = YES;
				BUNDLE_LOADER = "$(TEST_HOST)";
				CODE_SIGN_STYLE = Automatic;
				DEVELOPMENT_TEAM = 2A2G9N54ZA;
				INFOPLIST_FILE = KidHelperTests/Info.plist;
				LD_RUNPATH_SEARCH_PATHS = "$(inherited) @executable_path/Frameworks @loader_path/Frameworks";
				PRODUCT_BUNDLE_IDENTIFIER = cn.com.chaser.KidHelperTests;
				PRODUCT_NAME = "$(TARGET_NAME)";
				SWIFT_VERSION = 4.0;
				TARGETED_DEVICE_FAMILY = "1,2";
				TEST_HOST = "$(BUILT_PRODUCTS_DIR)/KidHelper.app/KidHelper";
			};
			name = Release;
		};
		CB0D70D420464BEF000EB616 /* Debug */ = {
			isa = XCBuildConfiguration;
			buildSettings = {
				ALWAYS_EMBED_SWIFT_STANDARD_LIBRARIES = YES;
				CODE_SIGN_STYLE = Automatic;
				DEVELOPMENT_TEAM = 2A2G9N54ZA;
				INFOPLIST_FILE = KidHelperUITests/Info.plist;
				LD_RUNPATH_SEARCH_PATHS = "$(inherited) @executable_path/Frameworks @loader_path/Frameworks";
				PRODUCT_BUNDLE_IDENTIFIER = cn.com.chaser.KidHelperUITests;
				PRODUCT_NAME = "$(TARGET_NAME)";
				SWIFT_VERSION = 4.0;
				TARGETED_DEVICE_FAMILY = "1,2";
				TEST_TARGET_NAME = KidHelper;
			};
			name = Debug;
		};
		CB0D70D520464BEF000EB616 /* Release */ = {
			isa = XCBuildConfiguration;
			buildSettings = {
				ALWAYS_EMBED_SWIFT_STANDARD_LIBRARIES = YES;
				CODE_SIGN_STYLE = Automatic;
				DEVELOPMENT_TEAM = 2A2G9N54ZA;
				INFOPLIST_FILE = KidHelperUITests/Info.plist;
				LD_RUNPATH_SEARCH_PATHS = "$(inherited) @executable_path/Frameworks @loader_path/Frameworks";
				PRODUCT_BUNDLE_IDENTIFIER = cn.com.chaser.KidHelperUITests;
				PRODUCT_NAME = "$(TARGET_NAME)";
				SWIFT_VERSION = 4.0;
				TARGETED_DEVICE_FAMILY = "1,2";
				TEST_TARGET_NAME = KidHelper;
			};
			name = Release;
		};
/* End XCBuildConfiguration section */

/* Begin XCConfigurationList section */
		CB0D709E20464BEE000EB616 /* Build configuration list for PBXProject "KidHelper" */ = {
			isa = XCConfigurationList;
			buildConfigurations = (
				CB0D70CB20464BEF000EB616 /* Debug */,
				CB0D70CC20464BEF000EB616 /* Release */,
			);
			defaultConfigurationIsVisible = 0;
			defaultConfigurationName = Release;
		};
		CB0D70CD20464BEF000EB616 /* Build configuration list for PBXNativeTarget "KidHelper" */ = {
			isa = XCConfigurationList;
			buildConfigurations = (
				CB0D70CE20464BEF000EB616 /* Debug */,
				CB0D70CF20464BEF000EB616 /* Release */,
			);
			defaultConfigurationIsVisible = 0;
			defaultConfigurationName = Release;
		};
		CB0D70D020464BEF000EB616 /* Build configuration list for PBXNativeTarget "KidHelperTests" */ = {
			isa = XCConfigurationList;
			buildConfigurations = (
				CB0D70D120464BEF000EB616 /* Debug */,
				CB0D70D220464BEF000EB616 /* Release */,
			);
			defaultConfigurationIsVisible = 0;
			defaultConfigurationName = Release;
		};
		CB0D70D320464BEF000EB616 /* Build configuration list for PBXNativeTarget "KidHelperUITests" */ = {
			isa = XCConfigurationList;
			buildConfigurations = (
				CB0D70D420464BEF000EB616 /* Debug */,
				CB0D70D520464BEF000EB616 /* Release */,
			);
			defaultConfigurationIsVisible = 0;
			defaultConfigurationName = Release;
		};
/* End XCConfigurationList section */
	};
	rootObject = CB0D709B20464BEE000EB616 /* Project object */;
}
