// !$*UTF8*$!
{
	archiveVersion = 1;
	classes = {
	};
	objectVersion = 48;
	objects = {

/* Begin PBXBuildFile section */
		472383A4BF789E92ABE5E676 /* Pods_KidHelper.framework in Frameworks */ = {isa = PBXBuildFile; fileRef = 127BBE4103BCC948AB35D3C1 /* Pods_KidHelper.framework */; };
		91DB8EA9C219B32B04FB9D9E /* Pods_KidHelperTests.framework in Frameworks */ = {isa = PBXBuildFile; fileRef = 991FFBD2E78D94943D1E5946 /* Pods_KidHelperTests.framework */; };
		C9D1CC5F48C4F9C7E484DD42 /* Pods_KidHelperUITests.framework in Frameworks */ = {isa = PBXBuildFile; fileRef = 059B207BEEF1AC899A52BB29 /* Pods_KidHelperUITests.framework */; };
		CB0D70A720464BEE000EB616 /* AppDelegate.swift in Sources */ = {isa = PBXBuildFile; fileRef = CB0D70A620464BEE000EB616 /* AppDelegate.swift */; };
		CB0D70A920464BEE000EB616 /* HomeViewController.swift in Sources */ = {isa = PBXBuildFile; fileRef = CB0D70A820464BEE000EB616 /* HomeViewController.swift */; };
		CB0D70AB20464BEE000EB616 /* SettingViewController.swift in Sources */ = {isa = PBXBuildFile; fileRef = CB0D70AA20464BEE000EB616 /* SettingViewController.swift */; };
		CB0D70AE20464BEE000EB616 /* Main.storyboard in Resources */ = {isa = PBXBuildFile; fileRef = CB0D70AC20464BEE000EB616 /* Main.storyboard */; };
		CB0D70B020464BEE000EB616 /* Assets.xcassets in Resources */ = {isa = PBXBuildFile; fileRef = CB0D70AF20464BEE000EB616 /* Assets.xcassets */; };
		CB0D70B320464BEE000EB616 /* LaunchScreen.storyboard in Resources */ = {isa = PBXBuildFile; fileRef = CB0D70B120464BEE000EB616 /* LaunchScreen.storyboard */; };
		CB0D70BE20464BEF000EB616 /* KidHelperTests.swift in Sources */ = {isa = PBXBuildFile; fileRef = CB0D70BD20464BEF000EB616 /* KidHelperTests.swift */; };
		CB0D70C920464BEF000EB616 /* KidHelperUITests.swift in Sources */ = {isa = PBXBuildFile; fileRef = CB0D70C820464BEF000EB616 /* KidHelperUITests.swift */; };
		CB0D70D72046512A000EB616 /* SpeechUtteranceManager.swift in Sources */ = {isa = PBXBuildFile; fileRef = CB0D70D62046512A000EB616 /* SpeechUtteranceManager.swift */; };
		CB0D70DC20465CE0000EB616 /* SectionDataM.swift in Sources */ = {isa = PBXBuildFile; fileRef = CB0D70DB20465CE0000EB616 /* SectionDataM.swift */; };
		CB0D70DE20465CF3000EB616 /* CellDataM.swift in Sources */ = {isa = PBXBuildFile; fileRef = CB0D70DD20465CF3000EB616 /* CellDataM.swift */; };
		CB0D70E020467422000EB616 /* TextInputContrViewController.swift in Sources */ = {isa = PBXBuildFile; fileRef = CB0D70DF20467422000EB616 /* TextInputContrViewController.swift */; };
		CB0D70E320469763000EB616 /* DataProvider.swift in Sources */ = {isa = PBXBuildFile; fileRef = CB0D70E220469763000EB616 /* DataProvider.swift */; };
		CB0D70E52046A1ED000EB616 /* KeyConstant.swift in Sources */ = {isa = PBXBuildFile; fileRef = CB0D70E42046A1ED000EB616 /* KeyConstant.swift */; };
		CB0D70E720479F31000EB616 /* iCloudManager.swift in Sources */ = {isa = PBXBuildFile; fileRef = CB0D70E620479F31000EB616 /* iCloudManager.swift */; };
		CB72BF5B204B8AB90087876E /* SpeechManager.swift in Sources */ = {isa = PBXBuildFile; fileRef = CB72BF5A204B8AB90087876E /* SpeechManager.swift */; };
		CB72BF61204B8C1E0087876E /* WXSpeechManager.swift in Sources */ = {isa = PBXBuildFile; fileRef = CB72BF60204B8C1E0087876E /* WXSpeechManager.swift */; };
		CB72BF67204B8DD60087876E /* AudioToolbox.framework in Frameworks */ = {isa = PBXBuildFile; fileRef = CB72BF66204B8DD50087876E /* AudioToolbox.framework */; };
		CB72BF69204B8DE00087876E /* SystemConfiguration.framework in Frameworks */ = {isa = PBXBuildFile; fileRef = CB72BF68204B8DE00087876E /* SystemConfiguration.framework */; };
		CB72BF6B204B8DEC0087876E /* CoreTelephony.framework in Frameworks */ = {isa = PBXBuildFile; fileRef = CB72BF6A204B8DEC0087876E /* CoreTelephony.framework */; };
		CB72BF6D204B8DFE0087876E /* libz.tbd in Frameworks */ = {isa = PBXBuildFile; fileRef = CB72BF6C204B8DFE0087876E /* libz.tbd */; };
		CB72BF6E204B951C0087876E /* libWXVoiceSDK.a in Frameworks */ = {isa = PBXBuildFile; fileRef = CB72BF54204B88980087876E /* libWXVoiceSDK.a */; };
		CB72BF6F204B95EF0087876E /* libWXVoiceSDK.a in Frameworks */ = {isa = PBXBuildFile; fileRef = CB72BF54204B88980087876E /* libWXVoiceSDK.a */; };
		CB72BF70204B95FB0087876E /* libWXVoiceSDK.a in Frameworks */ = {isa = PBXBuildFile; fileRef = CB72BF54204B88980087876E /* libWXVoiceSDK.a */; };
		CB72BF74204B98CD0087876E /* libstdc++.6.0.9.tbd in Frameworks */ = {isa = PBXBuildFile; fileRef = CB72BF73204B98CD0087876E /* libstdc++.6.0.9.tbd */; };
		CB72BF77204BA6220087876E /* WXSpeechSynthesizerPlayer.m in Sources */ = {isa = PBXBuildFile; fileRef = CB72BF75204BA6220087876E /* WXSpeechSynthesizerPlayer.m */; };
		CB9BDD5D204D2AAA00CC4E47 /* SweetAlert.swift in Sources */ = {isa = PBXBuildFile; fileRef = CB9BDD5C204D2AAA00CC4E47 /* SweetAlert.swift */; };
		CB9BDD61204D2AF000CC4E47 /* UIUtils.swift in Sources */ = {isa = PBXBuildFile; fileRef = CB9BDD60204D2AF000CC4E47 /* UIUtils.swift */; };
		CB9BDD63204D32EE00CC4E47 /* SearchWordViewController.swift in Sources */ = {isa = PBXBuildFile; fileRef = CB9BDD62204D32EE00CC4E47 /* SearchWordViewController.swift */; };
		CB9BDD65204D32FB00CC4E47 /* WikiViewController.swift in Sources */ = {isa = PBXBuildFile; fileRef = CB9BDD64204D32FB00CC4E47 /* WikiViewController.swift */; };
		CB9BDD67204D38E100CC4E47 /* NetProvider.swift in Sources */ = {isa = PBXBuildFile; fileRef = CB9BDD66204D38E100CC4E47 /* NetProvider.swift */; };
		CB9BDD69204D3E4E00CC4E47 /* UIButton_Extension.swift in Sources */ = {isa = PBXBuildFile; fileRef = CB9BDD68204D3E4E00CC4E47 /* UIButton_Extension.swift */; };
		CB9BDD6B204D42E600CC4E47 /* String_Extension.swift in Sources */ = {isa = PBXBuildFile; fileRef = CB9BDD6A204D42E600CC4E47 /* String_Extension.swift */; };
		CBFEDBC72047A29B007528B8 /* AVFoundation.framework in Frameworks */ = {isa = PBXBuildFile; fileRef = CB0D70D9204651FB000EB616 /* AVFoundation.framework */; };
/* End PBXBuildFile section */

/* Begin PBXContainerItemProxy section */
		CB0D70BA20464BEF000EB616 /* PBXContainerItemProxy */ = {
			isa = PBXContainerItemProxy;
			containerPortal = CB0D709B20464BEE000EB616 /* Project object */;
			proxyType = 1;
			remoteGlobalIDString = CB0D70A220464BEE000EB616;
			remoteInfo = KidHelper;
		};
		CB0D70C520464BEF000EB616 /* PBXContainerItemProxy */ = {
			isa = PBXContainerItemProxy;
			containerPortal = CB0D709B20464BEE000EB616 /* Project object */;
			proxyType = 1;
			remoteGlobalIDString = CB0D70A220464BEE000EB616;
			remoteInfo = KidHelper;
		};
/* End PBXContainerItemProxy section */

/* Begin PBXFileReference section */
		059B207BEEF1AC899A52BB29 /* Pods_KidHelperUITests.framework */ = {isa = PBXFileReference; explicitFileType = wrapper.framework; includeInIndex = 0; path = Pods_KidHelperUITests.framework; sourceTree = BUILT_PRODUCTS_DIR; };
		127BBE4103BCC948AB35D3C1 /* Pods_KidHelper.framework */ = {isa = PBXFileReference; explicitFileType = wrapper.framework; includeInIndex = 0; path = Pods_KidHelper.framework; sourceTree = BUILT_PRODUCTS_DIR; };
		2AD1AF362B5C1A6C9675F893 /* Pods-KidHelperTests.debug.xcconfig */ = {isa = PBXFileReference; includeInIndex = 1; lastKnownFileType = text.xcconfig; name = "Pods-KidHelperTests.debug.xcconfig"; path = "Pods/Target Support Files/Pods-KidHelperTests/Pods-KidHelperTests.debug.xcconfig"; sourceTree = "<group>"; };
		7562F437142F880D838179E4 /* Pods-KidHelper.release.xcconfig */ = {isa = PBXFileReference; includeInIndex = 1; lastKnownFileType = text.xcconfig; name = "Pods-KidHelper.release.xcconfig"; path = "Pods/Target Support Files/Pods-KidHelper/Pods-KidHelper.release.xcconfig"; sourceTree = "<group>"; };
		991FFBD2E78D94943D1E5946 /* Pods_KidHelperTests.framework */ = {isa = PBXFileReference; explicitFileType = wrapper.framework; includeInIndex = 0; path = Pods_KidHelperTests.framework; sourceTree = BUILT_PRODUCTS_DIR; };
		B907D2BA55FCE20803A12E8E /* Pods-KidHelper.debug.xcconfig */ = {isa = PBXFileReference; includeInIndex = 1; lastKnownFileType = text.xcconfig; name = "Pods-KidHelper.debug.xcconfig"; path = "Pods/Target Support Files/Pods-KidHelper/Pods-KidHelper.debug.xcconfig"; sourceTree = "<group>"; };
		C079E4FE50BAC7991C055D98 /* Pods-KidHelperUITests.debug.xcconfig */ = {isa = PBXFileReference; includeInIndex = 1; lastKnownFileType = text.xcconfig; name = "Pods-KidHelperUITests.debug.xcconfig"; path = "Pods/Target Support Files/Pods-KidHelperUITests/Pods-KidHelperUITests.debug.xcconfig"; sourceTree = "<group>"; };
		C2DE3230801977899F35CBA7 /* Pods-KidHelperUITests.release.xcconfig */ = {isa = PBXFileReference; includeInIndex = 1; lastKnownFileType = text.xcconfig; name = "Pods-KidHelperUITests.release.xcconfig"; path = "Pods/Target Support Files/Pods-KidHelperUITests/Pods-KidHelperUITests.release.xcconfig"; sourceTree = "<group>"; };
		CB0D70A320464BEE000EB616 /* KidHelper.app */ = {isa = PBXFileReference; explicitFileType = wrapper.application; includeInIndex = 0; path = KidHelper.app; sourceTree = BUILT_PRODUCTS_DIR; };
		CB0D70A620464BEE000EB616 /* AppDelegate.swift */ = {isa = PBXFileReference; lastKnownFileType = sourcecode.swift; path = AppDelegate.swift; sourceTree = "<group>"; };
		CB0D70A820464BEE000EB616 /* HomeViewController.swift */ = {isa = PBXFileReference; lastKnownFileType = sourcecode.swift; path = HomeViewController.swift; sourceTree = "<group>"; };
		CB0D70AA20464BEE000EB616 /* SettingViewController.swift */ = {isa = PBXFileReference; lastKnownFileType = sourcecode.swift; path = SettingViewController.swift; sourceTree = "<group>"; };
		CB0D70AD20464BEE000EB616 /* Base */ = {isa = PBXFileReference; lastKnownFileType = file.storyboard; name = Base; path = Base.lproj/Main.storyboard; sourceTree = "<group>"; };
		CB0D70AF20464BEE000EB616 /* Assets.xcassets */ = {isa = PBXFileReference; lastKnownFileType = folder.assetcatalog; path = Assets.xcassets; sourceTree = "<group>"; };
		CB0D70B220464BEE000EB616 /* Base */ = {isa = PBXFileReference; lastKnownFileType = file.storyboard; name = Base; path = Base.lproj/LaunchScreen.storyboard; sourceTree = "<group>"; };
		CB0D70B420464BEE000EB616 /* Info.plist */ = {isa = PBXFileReference; lastKnownFileType = text.plist.xml; path = Info.plist; sourceTree = "<group>"; };
		CB0D70B920464BEF000EB616 /* KidHelperTests.xctest */ = {isa = PBXFileReference; explicitFileType = wrapper.cfbundle; includeInIndex = 0; path = KidHelperTests.xctest; sourceTree = BUILT_PRODUCTS_DIR; };
		CB0D70BD20464BEF000EB616 /* KidHelperTests.swift */ = {isa = PBXFileReference; lastKnownFileType = sourcecode.swift; path = KidHelperTests.swift; sourceTree = "<group>"; };
		CB0D70BF20464BEF000EB616 /* Info.plist */ = {isa = PBXFileReference; lastKnownFileType = text.plist.xml; path = Info.plist; sourceTree = "<group>"; };
		CB0D70C420464BEF000EB616 /* KidHelperUITests.xctest */ = {isa = PBXFileReference; explicitFileType = wrapper.cfbundle; includeInIndex = 0; path = KidHelperUITests.xctest; sourceTree = BUILT_PRODUCTS_DIR; };
		CB0D70C820464BEF000EB616 /* KidHelperUITests.swift */ = {isa = PBXFileReference; lastKnownFileType = sourcecode.swift; path = KidHelperUITests.swift; sourceTree = "<group>"; };
		CB0D70CA20464BEF000EB616 /* Info.plist */ = {isa = PBXFileReference; lastKnownFileType = text.plist.xml; path = Info.plist; sourceTree = "<group>"; };
		CB0D70D62046512A000EB616 /* SpeechUtteranceManager.swift */ = {isa = PBXFileReference; lastKnownFileType = sourcecode.swift; path = SpeechUtteranceManager.swift; sourceTree = "<group>"; };
		CB0D70D9204651FB000EB616 /* AVFoundation.framework */ = {isa = PBXFileReference; lastKnownFileType = wrapper.framework; name = AVFoundation.framework; path = System/Library/Frameworks/AVFoundation.framework; sourceTree = SDKROOT; };
		CB0D70DB20465CE0000EB616 /* SectionDataM.swift */ = {isa = PBXFileReference; lastKnownFileType = sourcecode.swift; path = SectionDataM.swift; sourceTree = "<group>"; };
		CB0D70DD20465CF3000EB616 /* CellDataM.swift */ = {isa = PBXFileReference; lastKnownFileType = sourcecode.swift; path = CellDataM.swift; sourceTree = "<group>"; };
		CB0D70DF20467422000EB616 /* TextInputContrViewController.swift */ = {isa = PBXFileReference; lastKnownFileType = sourcecode.swift; path = TextInputContrViewController.swift; sourceTree = "<group>"; };
		CB0D70E120469288000EB616 /* KidHelper.entitlements */ = {isa = PBXFileReference; lastKnownFileType = text.plist.entitlements; path = KidHelper.entitlements; sourceTree = "<group>"; };
		CB0D70E220469763000EB616 /* DataProvider.swift */ = {isa = PBXFileReference; lastKnownFileType = sourcecode.swift; path = DataProvider.swift; sourceTree = "<group>"; };
		CB0D70E42046A1ED000EB616 /* KeyConstant.swift */ = {isa = PBXFileReference; lastKnownFileType = sourcecode.swift; path = KeyConstant.swift; sourceTree = "<group>"; };
		CB0D70E620479F31000EB616 /* iCloudManager.swift */ = {isa = PBXFileReference; lastKnownFileType = sourcecode.swift; path = iCloudManager.swift; sourceTree = "<group>"; };
		CB72BF54204B88980087876E /* libWXVoiceSDK.a */ = {isa = PBXFileReference; lastKnownFileType = archive.ar; path = libWXVoiceSDK.a; sourceTree = "<group>"; };
		CB72BF55204B88980087876E /* WXSpeechSynthesizer.h */ = {isa = PBXFileReference; fileEncoding = 4; lastKnownFileType = sourcecode.c.h; path = WXSpeechSynthesizer.h; sourceTree = "<group>"; };
		CB72BF56204B88990087876E /* WXVoiceSDK.h */ = {isa = PBXFileReference; fileEncoding = 4; lastKnownFileType = sourcecode.c.h; path = WXVoiceSDK.h; sourceTree = "<group>"; };
		CB72BF5A204B8AB90087876E /* SpeechManager.swift */ = {isa = PBXFileReference; lastKnownFileType = sourcecode.swift; path = SpeechManager.swift; sourceTree = "<group>"; };
		CB72BF60204B8C1E0087876E /* WXSpeechManager.swift */ = {isa = PBXFileReference; lastKnownFileType = sourcecode.swift; path = WXSpeechManager.swift; sourceTree = "<group>"; };
		CB72BF65204B8D360087876E /* KidHelper-Bridging-Header.h */ = {isa = PBXFileReference; lastKnownFileType = sourcecode.c.h; path = "KidHelper-Bridging-Header.h"; sourceTree = "<group>"; };
		CB72BF66204B8DD50087876E /* AudioToolbox.framework */ = {isa = PBXFileReference; lastKnownFileType = wrapper.framework; name = AudioToolbox.framework; path = System/Library/Frameworks/AudioToolbox.framework; sourceTree = SDKROOT; };
		CB72BF68204B8DE00087876E /* SystemConfiguration.framework */ = {isa = PBXFileReference; lastKnownFileType = wrapper.framework; name = SystemConfiguration.framework; path = System/Library/Frameworks/SystemConfiguration.framework; sourceTree = SDKROOT; };
		CB72BF6A204B8DEC0087876E /* CoreTelephony.framework */ = {isa = PBXFileReference; lastKnownFileType = wrapper.framework; name = CoreTelephony.framework; path = System/Library/Frameworks/CoreTelephony.framework; sourceTree = SDKROOT; };
		CB72BF6C204B8DFE0087876E /* libz.tbd */ = {isa = PBXFileReference; lastKnownFileType = "sourcecode.text-based-dylib-definition"; name = libz.tbd; path = usr/lib/libz.tbd; sourceTree = SDKROOT; };
		CB72BF71204B97250087876E /* libstdc++.tbd */ = {isa = PBXFileReference; lastKnownFileType = "sourcecode.text-based-dylib-definition"; name = "libstdc++.tbd"; path = "usr/lib/libstdc++.tbd"; sourceTree = SDKROOT; };
		CB72BF73204B98CD0087876E /* libstdc++.6.0.9.tbd */ = {isa = PBXFileReference; lastKnownFileType = "sourcecode.text-based-dylib-definition"; name = "libstdc++.6.0.9.tbd"; path = "usr/lib/libstdc++.6.0.9.tbd"; sourceTree = SDKROOT; };
		CB72BF75204BA6220087876E /* WXSpeechSynthesizerPlayer.m */ = {isa = PBXFileReference; fileEncoding = 4; lastKnownFileType = sourcecode.c.objc; path = WXSpeechSynthesizerPlayer.m; sourceTree = "<group>"; };
		CB72BF76204BA6220087876E /* WXSpeechSynthesizerPlayer.h */ = {isa = PBXFileReference; fileEncoding = 4; lastKnownFileType = sourcecode.c.h; path = WXSpeechSynthesizerPlayer.h; sourceTree = "<group>"; };
		CB9BDD5C204D2AAA00CC4E47 /* SweetAlert.swift */ = {isa = PBXFileReference; fileEncoding = 4; lastKnownFileType = sourcecode.swift; path = SweetAlert.swift; sourceTree = "<group>"; };
		CB9BDD60204D2AF000CC4E47 /* UIUtils.swift */ = {isa = PBXFileReference; lastKnownFileType = sourcecode.swift; path = UIUtils.swift; sourceTree = "<group>"; };
		CB9BDD62204D32EE00CC4E47 /* SearchWordViewController.swift */ = {isa = PBXFileReference; lastKnownFileType = sourcecode.swift; path = SearchWordViewController.swift; sourceTree = "<group>"; };
		CB9BDD64204D32FB00CC4E47 /* WikiViewController.swift */ = {isa = PBXFileReference; lastKnownFileType = sourcecode.swift; path = WikiViewController.swift; sourceTree = "<group>"; };
		CB9BDD66204D38E100CC4E47 /* NetProvider.swift */ = {isa = PBXFileReference; lastKnownFileType = sourcecode.swift; path = NetProvider.swift; sourceTree = "<group>"; };
		CB9BDD68204D3E4E00CC4E47 /* UIButton_Extension.swift */ = {isa = PBXFileReference; lastKnownFileType = sourcecode.swift; path = UIButton_Extension.swift; sourceTree = "<group>"; };
		CB9BDD6A204D42E600CC4E47 /* String_Extension.swift */ = {isa = PBXFileReference; lastKnownFileType = sourcecode.swift; path = String_Extension.swift; sourceTree = "<group>"; };
		D3231ACDD36D7E9F73F9CBB9 /* Pods-KidHelperTests.release.xcconfig */ = {isa = PBXFileReference; includeInIndex = 1; lastKnownFileType = text.xcconfig; name = "Pods-KidHelperTests.release.xcconfig"; path = "Pods/Target Support Files/Pods-KidHelperTests/Pods-KidHelperTests.release.xcconfig"; sourceTree = "<group>"; };
/* End PBXFileReference section */

/* Begin PBXFrameworksBuildPhase section */
		CB0D70A020464BEE000EB616 /* Frameworks */ = {
			isa = PBXFrameworksBuildPhase;
			buildActionMask = 2147483647;
			files = (
				CB72BF74204B98CD0087876E /* libstdc++.6.0.9.tbd in Frameworks */,
				CB72BF6E204B951C0087876E /* libWXVoiceSDK.a in Frameworks */,
				CB72BF6D204B8DFE0087876E /* libz.tbd in Frameworks */,
				CB72BF6B204B8DEC0087876E /* CoreTelephony.framework in Frameworks */,
				CB72BF69204B8DE00087876E /* SystemConfiguration.framework in Frameworks */,
				CB72BF67204B8DD60087876E /* AudioToolbox.framework in Frameworks */,
				CBFEDBC72047A29B007528B8 /* AVFoundation.framework in Frameworks */,
				472383A4BF789E92ABE5E676 /* Pods_KidHelper.framework in Frameworks */,
			);
			runOnlyForDeploymentPostprocessing = 0;
		};
		CB0D70B620464BEF000EB616 /* Frameworks */ = {
			isa = PBXFrameworksBuildPhase;
			buildActionMask = 2147483647;
			files = (
				CB72BF6F204B95EF0087876E /* libWXVoiceSDK.a in Frameworks */,
				91DB8EA9C219B32B04FB9D9E /* Pods_KidHelperTests.framework in Frameworks */,
			);
			runOnlyForDeploymentPostprocessing = 0;
		};
		CB0D70C120464BEF000EB616 /* Frameworks */ = {
			isa = PBXFrameworksBuildPhase;
			buildActionMask = 2147483647;
			files = (
				CB72BF70204B95FB0087876E /* libWXVoiceSDK.a in Frameworks */,
				C9D1CC5F48C4F9C7E484DD42 /* Pods_KidHelperUITests.framework in Frameworks */,
			);
			runOnlyForDeploymentPostprocessing = 0;
		};
/* End PBXFrameworksBuildPhase section */

/* Begin PBXGroup section */
		CB0D709A20464BEE000EB616 = {
			isa = PBXGroup;
			children = (
				CB72BF65204B8D360087876E /* KidHelper-Bridging-Header.h */,
				CB0D70A520464BEE000EB616 /* KidHelper */,
				CB0D70BC20464BEF000EB616 /* KidHelperTests */,
				CB0D70C720464BEF000EB616 /* KidHelperUITests */,
				CB0D70A420464BEE000EB616 /* Products */,
				CB0D70D8204651FB000EB616 /* Frameworks */,
				CD5000113C59B30498D4D4D8 /* Pods */,
			);
			sourceTree = "<group>";
		};
		CB0D70A420464BEE000EB616 /* Products */ = {
			isa = PBXGroup;
			children = (
				CB0D70A320464BEE000EB616 /* KidHelper.app */,
				CB0D70B920464BEF000EB616 /* KidHelperTests.xctest */,
				CB0D70C420464BEF000EB616 /* KidHelperUITests.xctest */,
			);
			name = Products;
			sourceTree = "<group>";
		};
		CB0D70A520464BEE000EB616 /* KidHelper */ = {
			isa = PBXGroup;
			children = (
				CB9BDD5E204D2AC900CC4E47 /* Uitls */,
				CB9BDD5A204D2A8D00CC4E47 /* Thirdparty */,
				CB72BF5F204B8BF50087876E /* Constant */,
				CB72BF5E204B8BE60087876E /* DataProvider */,
				CB72BF5D204B8BCB0087876E /* Model */,
				CB72BF5C204B8BBE0087876E /* ViewController */,
				CB72BF59204B8A9A0087876E /* Voice */,
				CB72BF53204B88580087876E /* WXVoice */,
				CBD4B2AF2047B4BC00CF7F85 /* Extension */,
				CB0D70E120469288000EB616 /* KidHelper.entitlements */,
				CB0D70A620464BEE000EB616 /* AppDelegate.swift */,
				CB0D70AC20464BEE000EB616 /* Main.storyboard */,
				CB0D70AF20464BEE000EB616 /* Assets.xcassets */,
				CB0D70B120464BEE000EB616 /* LaunchScreen.storyboard */,
				CB0D70B420464BEE000EB616 /* Info.plist */,
			);
			path = KidHelper;
			sourceTree = "<group>";
		};
		CB0D70BC20464BEF000EB616 /* KidHelperTests */ = {
			isa = PBXGroup;
			children = (
				CB0D70BD20464BEF000EB616 /* KidHelperTests.swift */,
				CB0D70BF20464BEF000EB616 /* Info.plist */,
			);
			path = KidHelperTests;
			sourceTree = "<group>";
		};
		CB0D70C720464BEF000EB616 /* KidHelperUITests */ = {
			isa = PBXGroup;
			children = (
				CB0D70C820464BEF000EB616 /* KidHelperUITests.swift */,
				CB0D70CA20464BEF000EB616 /* Info.plist */,
			);
			path = KidHelperUITests;
			sourceTree = "<group>";
		};
		CB0D70D8204651FB000EB616 /* Frameworks */ = {
			isa = PBXGroup;
			children = (
				CB72BF73204B98CD0087876E /* libstdc++.6.0.9.tbd */,
				CB72BF71204B97250087876E /* libstdc++.tbd */,
				CB72BF6C204B8DFE0087876E /* libz.tbd */,
				CB72BF6A204B8DEC0087876E /* CoreTelephony.framework */,
				CB72BF68204B8DE00087876E /* SystemConfiguration.framework */,
				CB72BF66204B8DD50087876E /* AudioToolbox.framework */,
				CB0D70D9204651FB000EB616 /* AVFoundation.framework */,
				127BBE4103BCC948AB35D3C1 /* Pods_KidHelper.framework */,
				991FFBD2E78D94943D1E5946 /* Pods_KidHelperTests.framework */,
				059B207BEEF1AC899A52BB29 /* Pods_KidHelperUITests.framework */,
			);
			name = Frameworks;
			sourceTree = "<group>";
		};
		CB72BF53204B88580087876E /* WXVoice */ = {
			isa = PBXGroup;
			children = (
				CB72BF76204BA6220087876E /* WXSpeechSynthesizerPlayer.h */,
				CB72BF75204BA6220087876E /* WXSpeechSynthesizerPlayer.m */,
				CB72BF54204B88980087876E /* libWXVoiceSDK.a */,
				CB72BF55204B88980087876E /* WXSpeechSynthesizer.h */,
				CB72BF56204B88990087876E /* WXVoiceSDK.h */,
			);
			path = WXVoice;
			sourceTree = "<group>";
		};
		CB72BF59204B8A9A0087876E /* Voice */ = {
			isa = PBXGroup;
			children = (
				CB72BF5A204B8AB90087876E /* SpeechManager.swift */,
				CB0D70D62046512A000EB616 /* SpeechUtteranceManager.swift */,
				CB72BF60204B8C1E0087876E /* WXSpeechManager.swift */,
			);
			path = Voice;
			sourceTree = "<group>";
		};
		CB72BF5C204B8BBE0087876E /* ViewController */ = {
			isa = PBXGroup;
			children = (
				CB0D70A820464BEE000EB616 /* HomeViewController.swift */,
				CB0D70DF20467422000EB616 /* TextInputContrViewController.swift */,
				CB0D70AA20464BEE000EB616 /* SettingViewController.swift */,
				CB9BDD62204D32EE00CC4E47 /* SearchWordViewController.swift */,
				CB9BDD64204D32FB00CC4E47 /* WikiViewController.swift */,
			);
			path = ViewController;
			sourceTree = "<group>";
		};
		CB72BF5D204B8BCB0087876E /* Model */ = {
			isa = PBXGroup;
			children = (
				CB0D70DB20465CE0000EB616 /* SectionDataM.swift */,
				CB0D70DD20465CF3000EB616 /* CellDataM.swift */,
			);
			path = Model;
			sourceTree = "<group>";
		};
		CB72BF5E204B8BE60087876E /* DataProvider */ = {
			isa = PBXGroup;
			children = (
				CB0D70E620479F31000EB616 /* iCloudManager.swift */,
				CB0D70E220469763000EB616 /* DataProvider.swift */,
				CB9BDD66204D38E100CC4E47 /* NetProvider.swift */,
			);
			path = DataProvider;
			sourceTree = "<group>";
		};
		CB72BF5F204B8BF50087876E /* Constant */ = {
			isa = PBXGroup;
			children = (
				CB0D70E42046A1ED000EB616 /* KeyConstant.swift */,
			);
			path = Constant;
			sourceTree = "<group>";
		};
		CB9BDD5A204D2A8D00CC4E47 /* Thirdparty */ = {
			isa = PBXGroup;
			children = (
				CB9BDD5B204D2A9A00CC4E47 /* Alert */,
			);
			path = Thirdparty;
			sourceTree = "<group>";
		};
		CB9BDD5B204D2A9A00CC4E47 /* Alert */ = {
			isa = PBXGroup;
			children = (
				CB9BDD5C204D2AAA00CC4E47 /* SweetAlert.swift */,
			);
			path = Alert;
			sourceTree = "<group>";
		};
		CB9BDD5E204D2AC900CC4E47 /* Uitls */ = {
			isa = PBXGroup;
			children = (
				CB9BDD5F204D2AD200CC4E47 /* UIUtils */,
			);
			path = Uitls;
			sourceTree = "<group>";
		};
		CB9BDD5F204D2AD200CC4E47 /* UIUtils */ = {
			isa = PBXGroup;
			children = (
				CB9BDD60204D2AF000CC4E47 /* UIUtils.swift */,
			);
			path = UIUtils;
			sourceTree = "<group>";
		};
		CBD4B2AF2047B4BC00CF7F85 /* Extension */ = {
			isa = PBXGroup;
			children = (
				CB9BDD68204D3E4E00CC4E47 /* UIButton_Extension.swift */,
				CB9BDD6A204D42E600CC4E47 /* String_Extension.swift */,
			);
			path = Extension;
			sourceTree = "<group>";
		};
		CD5000113C59B30498D4D4D8 /* Pods */ = {
			isa = PBXGroup;
			children = (
				B907D2BA55FCE20803A12E8E /* Pods-KidHelper.debug.xcconfig */,
				7562F437142F880D838179E4 /* Pods-KidHelper.release.xcconfig */,
				2AD1AF362B5C1A6C9675F893 /* Pods-KidHelperTests.debug.xcconfig */,
				D3231ACDD36D7E9F73F9CBB9 /* Pods-KidHelperTests.release.xcconfig */,
				C079E4FE50BAC7991C055D98 /* Pods-KidHelperUITests.debug.xcconfig */,
				C2DE3230801977899F35CBA7 /* Pods-KidHelperUITests.release.xcconfig */,
			);
			name = Pods;
			sourceTree = "<group>";
		};
/* End PBXGroup section */

/* Begin PBXNativeTarget section */
		CB0D70A220464BEE000EB616 /* KidHelper */ = {
			isa = PBXNativeTarget;
			buildConfigurationList = CB0D70CD20464BEF000EB616 /* Build configuration list for PBXNativeTarget "KidHelper" */;
			buildPhases = (
				ED186FE0A27C1C6A0B6538A9 /* [CP] Check Pods Manifest.lock */,
				CB0D709F20464BEE000EB616 /* Sources */,
				CB0D70A020464BEE000EB616 /* Frameworks */,
				CB0D70A120464BEE000EB616 /* Resources */,
				89D4AEE0DFB8CBAC5C8E69FA /* [CP] Embed Pods Frameworks */,
				F71259D642DE9986EBF23BCE /* [CP] Copy Pods Resources */,
			);
			buildRules = (
			);
			dependencies = (
			);
			name = KidHelper;
			productName = KidHelper;
			productReference = CB0D70A320464BEE000EB616 /* KidHelper.app */;
			productType = "com.apple.product-type.application";
		};
		CB0D70B820464BEF000EB616 /* KidHelperTests */ = {
			isa = PBXNativeTarget;
			buildConfigurationList = CB0D70D020464BEF000EB616 /* Build configuration list for PBXNativeTarget "KidHelperTests" */;
			buildPhases = (
				6775EAF6A6D4DF5EB4E146FD /* [CP] Check Pods Manifest.lock */,
				CB0D70B520464BEF000EB616 /* Sources */,
				CB0D70B620464BEF000EB616 /* Frameworks */,
				CB0D70B720464BEF000EB616 /* Resources */,
				3A15827B6A6381A6E008E0C5 /* [CP] Embed Pods Frameworks */,
				11A43E4E476C9CEF8F37A12E /* [CP] Copy Pods Resources */,
			);
			buildRules = (
			);
			dependencies = (
				CB0D70BB20464BEF000EB616 /* PBXTargetDependency */,
			);
			name = KidHelperTests;
			productName = KidHelperTests;
			productReference = CB0D70B920464BEF000EB616 /* KidHelperTests.xctest */;
			productType = "com.apple.product-type.bundle.unit-test";
		};
		CB0D70C320464BEF000EB616 /* KidHelperUITests */ = {
			isa = PBXNativeTarget;
			buildConfigurationList = CB0D70D320464BEF000EB616 /* Build configuration list for PBXNativeTarget "KidHelperUITests" */;
			buildPhases = (
				BC62F5151CEB6D0456E67AB0 /* [CP] Check Pods Manifest.lock */,
				CB0D70C020464BEF000EB616 /* Sources */,
				CB0D70C120464BEF000EB616 /* Frameworks */,
				CB0D70C220464BEF000EB616 /* Resources */,
				0D74AC7B514C438F0F3D4B0B /* [CP] Embed Pods Frameworks */,
				0939A46CBD9A35BA15A0B3B0 /* [CP] Copy Pods Resources */,
			);
			buildRules = (
			);
			dependencies = (
				CB0D70C620464BEF000EB616 /* PBXTargetDependency */,
			);
			name = KidHelperUITests;
			productName = KidHelperUITests;
			productReference = CB0D70C420464BEF000EB616 /* KidHelperUITests.xctest */;
			productType = "com.apple.product-type.bundle.ui-testing";
		};
/* End PBXNativeTarget section */

/* Begin PBXProject section */
		CB0D709B20464BEE000EB616 /* Project object */ = {
			isa = PBXProject;
			attributes = {
				LastSwiftUpdateCheck = 0920;
				LastUpgradeCheck = 0920;
				ORGANIZATIONNAME = "Liu PingAn";
				TargetAttributes = {
					CB0D70A220464BEE000EB616 = {
						CreatedOnToolsVersion = 9.2;
						ProvisioningStyle = Automatic;
						SystemCapabilities = {
							com.apple.BackgroundModes = {
								enabled = 1;
							};
							com.apple.Keychain = {
								enabled = 0;
							};
							com.apple.iCloud = {
								enabled = 1;
							};
						};
					};
					CB0D70B820464BEF000EB616 = {
						CreatedOnToolsVersion = 9.2;
						ProvisioningStyle = Automatic;
						TestTargetID = CB0D70A220464BEE000EB616;
					};
					CB0D70C320464BEF000EB616 = {
						CreatedOnToolsVersion = 9.2;
						ProvisioningStyle = Automatic;
						TestTargetID = CB0D70A220464BEE000EB616;
					};
				};
			};
			buildConfigurationList = CB0D709E20464BEE000EB616 /* Build configuration list for PBXProject "KidHelper" */;
			compatibilityVersion = "Xcode 8.0";
			developmentRegion = en;
			hasScannedForEncodings = 0;
			knownRegions = (
				en,
				Base,
			);
			mainGroup = CB0D709A20464BEE000EB616;
			productRefGroup = CB0D70A420464BEE000EB616 /* Products */;
			projectDirPath = "";
			projectRoot = "";
			targets = (
				CB0D70A220464BEE000EB616 /* KidHelper */,
				CB0D70B820464BEF000EB616 /* KidHelperTests */,
				CB0D70C320464BEF000EB616 /* KidHelperUITests */,
			);
		};
/* End PBXProject section */

/* Begin PBXResourcesBuildPhase section */
		CB0D70A120464BEE000EB616 /* Resources */ = {
			isa = PBXResourcesBuildPhase;
			buildActionMask = 2147483647;
			files = (
				CB0D70B320464BEE000EB616 /* LaunchScreen.storyboard in Resources */,
				CB0D70B020464BEE000EB616 /* Assets.xcassets in Resources */,
				CB0D70AE20464BEE000EB616 /* Main.storyboard in Resources */,
			);
			runOnlyForDeploymentPostprocessing = 0;
		};
		CB0D70B720464BEF000EB616 /* Resources */ = {
			isa = PBXResourcesBuildPhase;
			buildActionMask = 2147483647;
			files = (
			);
			runOnlyForDeploymentPostprocessing = 0;
		};
		CB0D70C220464BEF000EB616 /* Resources */ = {
			isa = PBXResourcesBuildPhase;
			buildActionMask = 2147483647;
			files = (
			);
			runOnlyForDeploymentPostprocessing = 0;
		};
/* End PBXResourcesBuildPhase section */

/* Begin PBXShellScriptBuildPhase section */
		0939A46CBD9A35BA15A0B3B0 /* [CP] Copy Pods Resources */ = {
			isa = PBXShellScriptBuildPhase;
			buildActionMask = 2147483647;
			files = (
			);
			inputPaths = (
			);
			name = "[CP] Copy Pods Resources";
			outputPaths = (
			);
			runOnlyForDeploymentPostprocessing = 0;
			shellPath = /bin/sh;
			shellScript = "\"${SRCROOT}/Pods/Target Support Files/Pods-KidHelperUITests/Pods-KidHelperUITests-resources.sh\"\n";
			showEnvVarsInLog = 0;
		};
		0D74AC7B514C438F0F3D4B0B /* [CP] Embed Pods Frameworks */ = {
			isa = PBXShellScriptBuildPhase;
			buildActionMask = 2147483647;
			files = (
			);
			inputPaths = (
			);
			name = "[CP] Embed Pods Frameworks";
			outputPaths = (
			);
			runOnlyForDeploymentPostprocessing = 0;
			shellPath = /bin/sh;
			shellScript = "\"${SRCROOT}/Pods/Target Support Files/Pods-KidHelperUITests/Pods-KidHelperUITests-frameworks.sh\"\n";
			showEnvVarsInLog = 0;
		};
		11A43E4E476C9CEF8F37A12E /* [CP] Copy Pods Resources */ = {
			isa = PBXShellScriptBuildPhase;
			buildActionMask = 2147483647;
			files = (
			);
			inputPaths = (
			);
			name = "[CP] Copy Pods Resources";
			outputPaths = (
			);
			runOnlyForDeploymentPostprocessing = 0;
			shellPath = /bin/sh;
			shellScript = "\"${SRCROOT}/Pods/Target Support Files/Pods-KidHelperTests/Pods-KidHelperTests-resources.sh\"\n";
			showEnvVarsInLog = 0;
		};
		3A15827B6A6381A6E008E0C5 /* [CP] Embed Pods Frameworks */ = {
			isa = PBXShellScriptBuildPhase;
			buildActionMask = 2147483647;
			files = (
			);
			inputPaths = (
			);
			name = "[CP] Embed Pods Frameworks";
			outputPaths = (
			);
			runOnlyForDeploymentPostprocessing = 0;
			shellPath = /bin/sh;
			shellScript = "\"${SRCROOT}/Pods/Target Support Files/Pods-KidHelperTests/Pods-KidHelperTests-frameworks.sh\"\n";
			showEnvVarsInLog = 0;
		};
		6775EAF6A6D4DF5EB4E146FD /* [CP] Check Pods Manifest.lock */ = {
			isa = PBXShellScriptBuildPhase;
			buildActionMask = 2147483647;
			files = (
			);
			inputPaths = (
				"${PODS_PODFILE_DIR_PATH}/Podfile.lock",
				"${PODS_ROOT}/Manifest.lock",
			);
			name = "[CP] Check Pods Manifest.lock";
			outputPaths = (
				"$(DERIVED_FILE_DIR)/Pods-KidHelperTests-checkManifestLockResult.txt",
			);
			runOnlyForDeploymentPostprocessing = 0;
			shellPath = /bin/sh;
			shellScript = "diff \"${PODS_PODFILE_DIR_PATH}/Podfile.lock\" \"${PODS_ROOT}/Manifest.lock\" > /dev/null\nif [ $? != 0 ] ; then\n    # print error to STDERR\n    echo \"error: The sandbox is not in sync with the Podfile.lock. Run 'pod install' or update your CocoaPods installation.\" >&2\n    exit 1\nfi\n# This output is used by Xcode 'outputs' to avoid re-running this script phase.\necho \"SUCCESS\" > \"${SCRIPT_OUTPUT_FILE_0}\"\n";
			showEnvVarsInLog = 0;
		};
		89D4AEE0DFB8CBAC5C8E69FA /* [CP] Embed Pods Frameworks */ = {
			isa = PBXShellScriptBuildPhase;
			buildActionMask = 2147483647;
			files = (
			);
			inputPaths = (
				"${SRCROOT}/Pods/Target Support Files/Pods-KidHelper/Pods-KidHelper-frameworks.sh",
				"${BUILT_PRODUCTS_DIR}/Alamofire/Alamofire.framework",
				"${BUILT_PRODUCTS_DIR}/ReachabilitySwift/Reachability.framework",
				"${BUILT_PRODUCTS_DIR}/SwiftyJSON/SwiftyJSON.framework",
			);
			name = "[CP] Embed Pods Frameworks";
			outputPaths = (
				"${TARGET_BUILD_DIR}/${FRAMEWORKS_FOLDER_PATH}/Alamofire.framework",
				"${TARGET_BUILD_DIR}/${FRAMEWORKS_FOLDER_PATH}/Reachability.framework",
				"${TARGET_BUILD_DIR}/${FRAMEWORKS_FOLDER_PATH}/SwiftyJSON.framework",
			);
			runOnlyForDeploymentPostprocessing = 0;
			shellPath = /bin/sh;
			shellScript = "\"${SRCROOT}/Pods/Target Support Files/Pods-KidHelper/Pods-KidHelper-frameworks.sh\"\n";
			showEnvVarsInLog = 0;
		};
		BC62F5151CEB6D0456E67AB0 /* [CP] Check Pods Manifest.lock */ = {
			isa = PBXShellScriptBuildPhase;
			buildActionMask = 2147483647;
			files = (
			);
			inputPaths = (
				"${PODS_PODFILE_DIR_PATH}/Podfile.lock",
				"${PODS_ROOT}/Manifest.lock",
			);
			name = "[CP] Check Pods Manifest.lock";
			outputPaths = (
				"$(DERIVED_FILE_DIR)/Pods-KidHelperUITests-checkManifestLockResult.txt",
			);
			runOnlyForDeploymentPostprocessing = 0;
			shellPath = /bin/sh;
			shellScript = "diff \"${PODS_PODFILE_DIR_PATH}/Podfile.lock\" \"${PODS_ROOT}/Manifest.lock\" > /dev/null\nif [ $? != 0 ] ; then\n    # print error to STDERR\n    echo \"error: The sandbox is not in sync with the Podfile.lock. Run 'pod install' or update your CocoaPods installation.\" >&2\n    exit 1\nfi\n# This output is used by Xcode 'outputs' to avoid re-running this script phase.\necho \"SUCCESS\" > \"${SCRIPT_OUTPUT_FILE_0}\"\n";
			showEnvVarsInLog = 0;
		};
		ED186FE0A27C1C6A0B6538A9 /* [CP] Check Pods Manifest.lock */ = {
			isa = PBXShellScriptBuildPhase;
			buildActionMask = 2147483647;
			files = (
			);
			inputPaths = (
				"${PODS_PODFILE_DIR_PATH}/Podfile.lock",
				"${PODS_ROOT}/Manifest.lock",
			);
			name = "[CP] Check Pods Manifest.lock";
			outputPaths = (
				"$(DERIVED_FILE_DIR)/Pods-KidHelper-checkManifestLockResult.txt",
			);
			runOnlyForDeploymentPostprocessing = 0;
			shellPath = /bin/sh;
			shellScript = "diff \"${PODS_PODFILE_DIR_PATH}/Podfile.lock\" \"${PODS_ROOT}/Manifest.lock\" > /dev/null\nif [ $? != 0 ] ; then\n    # print error to STDERR\n    echo \"error: The sandbox is not in sync with the Podfile.lock. Run 'pod install' or update your CocoaPods installation.\" >&2\n    exit 1\nfi\n# This output is used by Xcode 'outputs' to avoid re-running this script phase.\necho \"SUCCESS\" > \"${SCRIPT_OUTPUT_FILE_0}\"\n";
			showEnvVarsInLog = 0;
		};
		F71259D642DE9986EBF23BCE /* [CP] Copy Pods Resources */ = {
			isa = PBXShellScriptBuildPhase;
			buildActionMask = 2147483647;
			files = (
			);
			inputPaths = (
			);
			name = "[CP] Copy Pods Resources";
			outputPaths = (
			);
			runOnlyForDeploymentPostprocessing = 0;
			shellPath = /bin/sh;
			shellScript = "\"${SRCROOT}/Pods/Target Support Files/Pods-KidHelper/Pods-KidHelper-resources.sh\"\n";
			showEnvVarsInLog = 0;
		};
/* End PBXShellScriptBuildPhase section */

/* Begin PBXSourcesBuildPhase section */
		CB0D709F20464BEE000EB616 /* Sources */ = {
			isa = PBXSourcesBuildPhase;
			buildActionMask = 2147483647;
			files = (
				CB9BDD61204D2AF000CC4E47 /* UIUtils.swift in Sources */,
				CB0D70AB20464BEE000EB616 /* SettingViewController.swift in Sources */,
				CB0D70E020467422000EB616 /* TextInputContrViewController.swift in Sources */,
				CB0D70E320469763000EB616 /* DataProvider.swift in Sources */,
				CB9BDD6B204D42E600CC4E47 /* String_Extension.swift in Sources */,
				CB9BDD65204D32FB00CC4E47 /* WikiViewController.swift in Sources */,
				CB9BDD69204D3E4E00CC4E47 /* UIButton_Extension.swift in Sources */,
				CB0D70D72046512A000EB616 /* SpeechUtteranceManager.swift in Sources */,
				CB9BDD67204D38E100CC4E47 /* NetProvider.swift in Sources */,
				CB72BF77204BA6220087876E /* WXSpeechSynthesizerPlayer.m in Sources */,
				CB9BDD5D204D2AAA00CC4E47 /* SweetAlert.swift in Sources */,
				CB0D70DC20465CE0000EB616 /* SectionDataM.swift in Sources */,
				CB0D70E720479F31000EB616 /* iCloudManager.swift in Sources */,
				CB0D70DE20465CF3000EB616 /* CellDataM.swift in Sources */,
				CB9BDD63204D32EE00CC4E47 /* SearchWordViewController.swift in Sources */,
				CB0D70A720464BEE000EB616 /* AppDelegate.swift in Sources */,
				CB72BF5B204B8AB90087876E /* SpeechManager.swift in Sources */,
				CB0D70E52046A1ED000EB616 /* KeyConstant.swift in Sources */,
				CB72BF61204B8C1E0087876E /* WXSpeechManager.swift in Sources */,
				CB0D70A920464BEE000EB616 /* HomeViewController.swift in Sources */,
			);
			runOnlyForDeploymentPostprocessing = 0;
		};
		CB0D70B520464BEF000EB616 /* Sources */ = {
			isa = PBXSourcesBuildPhase;
			buildActionMask = 2147483647;
			files = (
				CB0D70BE20464BEF000EB616 /* KidHelperTests.swift in Sources */,
			);
			runOnlyForDeploymentPostprocessing = 0;
		};
		CB0D70C020464BEF000EB616 /* Sources */ = {
			isa = PBXSourcesBuildPhase;
			buildActionMask = 2147483647;
			files = (
				CB0D70C920464BEF000EB616 /* KidHelperUITests.swift in Sources */,
			);
			runOnlyForDeploymentPostprocessing = 0;
		};
/* End PBXSourcesBuildPhase section */

/* Begin PBXTargetDependency section */
		CB0D70BB20464BEF000EB616 /* PBXTargetDependency */ = {
			isa = PBXTargetDependency;
			target = CB0D70A220464BEE000EB616 /* KidHelper */;
			targetProxy = CB0D70BA20464BEF000EB616 /* PBXContainerItemProxy */;
		};
		CB0D70C620464BEF000EB616 /* PBXTargetDependency */ = {
			isa = PBXTargetDependency;
			target = CB0D70A220464BEE000EB616 /* KidHelper */;
			targetProxy = CB0D70C520464BEF000EB616 /* PBXContainerItemProxy */;
		};
/* End PBXTargetDependency section */

/* Begin PBXVariantGroup section */
		CB0D70AC20464BEE000EB616 /* Main.storyboard */ = {
			isa = PBXVariantGroup;
			children = (
				CB0D70AD20464BEE000EB616 /* Base */,
			);
			name = Main.storyboard;
			sourceTree = "<group>";
		};
		CB0D70B120464BEE000EB616 /* LaunchScreen.storyboard */ = {
			isa = PBXVariantGroup;
			children = (
				CB0D70B220464BEE000EB616 /* Base */,
			);
			name = LaunchScreen.storyboard;
			sourceTree = "<group>";
		};
/* End PBXVariantGroup section */

/* Begin XCBuildConfiguration section */
		CB0D70CB20464BEF000EB616 /* Debug */ = {
			isa = XCBuildConfiguration;
			buildSettings = {
				ALWAYS_SEARCH_USER_PATHS = NO;
				CLANG_ANALYZER_NONNULL = YES;
				CLANG_ANALYZER_NUMBER_OBJECT_CONVERSION = YES_AGGRESSIVE;
				CLANG_CXX_LANGUAGE_STANDARD = "gnu++14";
				CLANG_CXX_LIBRARY = "libc++";
				CLANG_ENABLE_MODULES = YES;
				CLANG_ENABLE_OBJC_ARC = YES;
				CLANG_WARN_BLOCK_CAPTURE_AUTORELEASING = YES;
				CLANG_WARN_BOOL_CONVERSION = YES;
				CLANG_WARN_COMMA = YES;
				CLANG_WARN_CONSTANT_CONVERSION = YES;
				CLANG_WARN_DIRECT_OBJC_ISA_USAGE = YES_ERROR;
				CLANG_WARN_DOCUMENTATION_COMMENTS = YES;
				CLANG_WARN_EMPTY_BODY = YES;
				CLANG_WARN_ENUM_CONVERSION = YES;
				CLANG_WARN_INFINITE_RECURSION = YES;
				CLANG_WARN_INT_CONVERSION = YES;
				CLANG_WARN_NON_LITERAL_NULL_CONVERSION = YES;
				CLANG_WARN_OBJC_LITERAL_CONVERSION = YES;
				CLANG_WARN_OBJC_ROOT_CLASS = YES_ERROR;
				CLANG_WARN_RANGE_LOOP_ANALYSIS = YES;
				CLANG_WARN_STRICT_PROTOTYPES = YES;
				CLANG_WARN_SUSPICIOUS_MOVE = YES;
				CLANG_WARN_UNGUARDED_AVAILABILITY = YES_AGGRESSIVE;
				CLANG_WARN_UNREACHABLE_CODE = YES;
				CLANG_WARN__DUPLICATE_METHOD_MATCH = YES;
				CODE_SIGN_IDENTITY = "iPhone Developer";
				COPY_PHASE_STRIP = NO;
				DEBUG_INFORMATION_FORMAT = dwarf;
				ENABLE_STRICT_OBJC_MSGSEND = YES;
				ENABLE_TESTABILITY = YES;
				GCC_C_LANGUAGE_STANDARD = gnu11;
				GCC_DYNAMIC_NO_PIC = NO;
				GCC_NO_COMMON_BLOCKS = YES;
				GCC_OPTIMIZATION_LEVEL = 0;
				GCC_PREPROCESSOR_DEFINITIONS = (
					"DEBUG=1",
					"$(inherited)",
				);
				GCC_WARN_64_TO_32_BIT_CONVERSION = YES;
				GCC_WARN_ABOUT_RETURN_TYPE = YES_ERROR;
				GCC_WARN_UNDECLARED_SELECTOR = YES;
				GCC_WARN_UNINITIALIZED_AUTOS = YES_AGGRESSIVE;
				GCC_WARN_UNUSED_FUNCTION = YES;
				GCC_WARN_UNUSED_VARIABLE = YES;
				IPHONEOS_DEPLOYMENT_TARGET = 11.2;
				MTL_ENABLE_DEBUG_INFO = YES;
				ONLY_ACTIVE_ARCH = NO;
				SDKROOT = iphoneos;
				SWIFT_ACTIVE_COMPILATION_CONDITIONS = DEBUG;
				SWIFT_OPTIMIZATION_LEVEL = "-Onone";
			};
			name = Debug;
		};
		CB0D70CC20464BEF000EB616 /* Release */ = {
			isa = XCBuildConfiguration;
			buildSettings = {
				ALWAYS_SEARCH_USER_PATHS = NO;
				CLANG_ANALYZER_NONNULL = YES;
				CLANG_ANALYZER_NUMBER_OBJECT_CONVERSION = YES_AGGRESSIVE;
				CLANG_CXX_LANGUAGE_STANDARD = "gnu++14";
				CLANG_CXX_LIBRARY = "libc++";
				CLANG_ENABLE_MODULES = YES;
				CLANG_ENABLE_OBJC_ARC = YES;
				CLANG_WARN_BLOCK_CAPTURE_AUTORELEASING = YES;
				CLANG_WARN_BOOL_CONVERSION = YES;
				CLANG_WARN_COMMA = YES;
				CLANG_WARN_CONSTANT_CONVERSION = YES;
				CLANG_WARN_DIRECT_OBJC_ISA_USAGE = YES_ERROR;
				CLANG_WARN_DOCUMENTATION_COMMENTS = YES;
				CLANG_WARN_EMPTY_BODY = YES;
				CLANG_WARN_ENUM_CONVERSION = YES;
				CLANG_WARN_INFINITE_RECURSION = YES;
				CLANG_WARN_INT_CONVERSION = YES;
				CLANG_WARN_NON_LITERAL_NULL_CONVERSION = YES;
				CLANG_WARN_OBJC_LITERAL_CONVERSION = YES;
				CLANG_WARN_OBJC_ROOT_CLASS = YES_ERROR;
				CLANG_WARN_RANGE_LOOP_ANALYSIS = YES;
				CLANG_WARN_STRICT_PROTOTYPES = YES;
				CLANG_WARN_SUSPICIOUS_MOVE = YES;
				CLANG_WARN_UNGUARDED_AVAILABILITY = YES_AGGRESSIVE;
				CLANG_WARN_UNREACHABLE_CODE = YES;
				CLANG_WARN__DUPLICATE_METHOD_MATCH = YES;
				CODE_SIGN_IDENTITY = "iPhone Developer";
				COPY_PHASE_STRIP = NO;
				DEBUG_INFORMATION_FORMAT = "dwarf-with-dsym";
				ENABLE_NS_ASSERTIONS = NO;
				ENABLE_STRICT_OBJC_MSGSEND = YES;
				GCC_C_LANGUAGE_STANDARD = gnu11;
				GCC_NO_COMMON_BLOCKS = YES;
				GCC_WARN_64_TO_32_BIT_CONVERSION = YES;
				GCC_WARN_ABOUT_RETURN_TYPE = YES_ERROR;
				GCC_WARN_UNDECLARED_SELECTOR = YES;
				GCC_WARN_UNINITIALIZED_AUTOS = YES_AGGRESSIVE;
				GCC_WARN_UNUSED_FUNCTION = YES;
				GCC_WARN_UNUSED_VARIABLE = YES;
				IPHONEOS_DEPLOYMENT_TARGET = 11.2;
				MTL_ENABLE_DEBUG_INFO = NO;
				SDKROOT = iphoneos;
				SWIFT_OPTIMIZATION_LEVEL = "-Owholemodule";
				VALIDATE_PRODUCT = YES;
			};
			name = Release;
		};
		CB0D70CE20464BEF000EB616 /* Debug */ = {
			isa = XCBuildConfiguration;
			baseConfigurationReference = B907D2BA55FCE20803A12E8E /* Pods-KidHelper.debug.xcconfig */;
			buildSettings = {
				ASSETCATALOG_COMPILER_APPICON_NAME = AppIcon;
				CLANG_CXX_LIBRARY = "libstdc++";
				CODE_SIGN_ENTITLEMENTS = KidHelper/KidHelper.entitlements;
				CODE_SIGN_STYLE = Automatic;
				DEVELOPMENT_TEAM = RTCEZS3U4Z;
				ENABLE_BITCODE = NO;
				ENABLE_TESTABILITY = NO;
				GCC_INPUT_FILETYPE = automatic;
				INFOPLIST_FILE = KidHelper/Info.plist;
				IPHONEOS_DEPLOYMENT_TARGET = 10.3;
				LD_RUNPATH_SEARCH_PATHS = "$(inherited) @executable_path/Frameworks";
				LIBRARY_SEARCH_PATHS = (
					"$(inherited)",
					"$(PROJECT_DIR)/KidHelper/WXVoice",
				);
				ONLY_ACTIVE_ARCH = YES;
				OTHER_LDFLAGS = (
					"$(inherited)",
					"-ObjC",
				);
				PRODUCT_BUNDLE_IDENTIFIER = com.rds.mos.KidHelper;
				PRODUCT_NAME = "$(TARGET_NAME)";
				SWIFT_OBJC_BRIDGING_HEADER = "KidHelper-Bridging-Header.h";
				SWIFT_VERSION = 4.0;
				TARGETED_DEVICE_FAMILY = "1,2";
			};
			name = Debug;
		};
		CB0D70CF20464BEF000EB616 /* Release */ = {
			isa = XCBuildConfiguration;
			baseConfigurationReference = 7562F437142F880D838179E4 /* Pods-KidHelper.release.xcconfig */;
			buildSettings = {
				ASSETCATALOG_COMPILER_APPICON_NAME = AppIcon;
				CLANG_CXX_LIBRARY = "libstdc++";
				CODE_SIGN_ENTITLEMENTS = KidHelper/KidHelper.entitlements;
				CODE_SIGN_STYLE = Automatic;
				DEVELOPMENT_TEAM = RTCEZS3U4Z;
				ENABLE_BITCODE = NO;
				ENABLE_TESTABILITY = NO;
				GCC_INPUT_FILETYPE = automatic;
				INFOPLIST_FILE = KidHelper/Info.plist;
				IPHONEOS_DEPLOYMENT_TARGET = 10.3;
				LD_RUNPATH_SEARCH_PATHS = "$(inherited) @executable_path/Frameworks";
				LIBRARY_SEARCH_PATHS = (
					"$(inherited)",
					"$(PROJECT_DIR)/KidHelper/WXVoice",
				);
				ONLY_ACTIVE_ARCH = YES;
				OTHER_LDFLAGS = (
					"$(inherited)",
					"-ObjC",
				);
				PRODUCT_BUNDLE_IDENTIFIER = com.rds.mos.KidHelper;
				PRODUCT_NAME = "$(TARGET_NAME)";
				SWIFT_OBJC_BRIDGING_HEADER = "KidHelper-Bridging-Header.h";
				SWIFT_VERSION = 4.0;
				TARGETED_DEVICE_FAMILY = "1,2";
			};
			name = Release;
		};
		CB0D70D120464BEF000EB616 /* Debug */ = {
			isa = XCBuildConfiguration;
			baseConfigurationReference = 2AD1AF362B5C1A6C9675F893 /* Pods-KidHelperTests.debug.xcconfig */;
			buildSettings = {
				ALWAYS_EMBED_SWIFT_STANDARD_LIBRARIES = YES;
				BUNDLE_LOADER = "$(TEST_HOST)";
				CODE_SIGN_STYLE = Automatic;
				DEVELOPMENT_TEAM = 2A2G9N54ZA;
				INFOPLIST_FILE = KidHelperTests/Info.plist;
				LD_RUNPATH_SEARCH_PATHS = "$(inherited) @executable_path/Frameworks @loader_path/Frameworks";
				LIBRARY_SEARCH_PATHS = (
					"$(inherited)",
					"$(PROJECT_DIR)/KidHelper/WXVoice",
				);
				PRODUCT_BUNDLE_IDENTIFIER = cn.com.chaser.KidHelperTests;
				PRODUCT_NAME = "$(TARGET_NAME)";
				SWIFT_VERSION = 4.0;
				TARGETED_DEVICE_FAMILY = "1,2";
				TEST_HOST = "$(BUILT_PRODUCTS_DIR)/KidHelper.app/KidHelper";
			};
			name = Debug;
		};
		CB0D70D220464BEF000EB616 /* Release */ = {
			isa = XCBuildConfiguration;
			baseConfigurationReference = D3231ACDD36D7E9F73F9CBB9 /* Pods-KidHelperTests.release.xcconfig */;
			buildSettings = {
				ALWAYS_EMBED_SWIFT_STANDARD_LIBRARIES = YES;
				BUNDLE_LOADER = "$(TEST_HOST)";
				CODE_SIGN_STYLE = Automatic;
				DEVELOPMENT_TEAM = 2A2G9N54ZA;
				INFOPLIST_FILE = KidHelperTests/Info.plist;
				LD_RUNPATH_SEARCH_PATHS = "$(inherited) @executable_path/Frameworks @loader_path/Frameworks";
				LIBRARY_SEARCH_PATHS = (
					"$(inherited)",
					"$(PROJECT_DIR)/KidHelper/WXVoice",
				);
				PRODUCT_BUNDLE_IDENTIFIER = cn.com.chaser.KidHelperTests;
				PRODUCT_NAME = "$(TARGET_NAME)";
				SWIFT_VERSION = 4.0;
				TARGETED_DEVICE_FAMILY = "1,2";
				TEST_HOST = "$(BUILT_PRODUCTS_DIR)/KidHelper.app/KidHelper";
			};
			name = Release;
		};
		CB0D70D420464BEF000EB616 /* Debug */ = {
			isa = XCBuildConfiguration;
			baseConfigurationReference = C079E4FE50BAC7991C055D98 /* Pods-KidHelperUITests.debug.xcconfig */;
			buildSettings = {
				ALWAYS_EMBED_SWIFT_STANDARD_LIBRARIES = YES;
				CODE_SIGN_STYLE = Automatic;
				DEVELOPMENT_TEAM = 2A2G9N54ZA;
				INFOPLIST_FILE = KidHelperUITests/Info.plist;
				LD_RUNPATH_SEARCH_PATHS = "$(inherited) @executable_path/Frameworks @loader_path/Frameworks";
				LIBRARY_SEARCH_PATHS = (
					"$(inherited)",
					"$(PROJECT_DIR)/KidHelper/WXVoice",
				);
				PRODUCT_BUNDLE_IDENTIFIER = cn.com.chaser.KidHelperUITests;
				PRODUCT_NAME = "$(TARGET_NAME)";
				SWIFT_VERSION = 4.0;
				TARGETED_DEVICE_FAMILY = "1,2";
				TEST_TARGET_NAME = KidHelper;
			};
			name = Debug;
		};
		CB0D70D520464BEF000EB616 /* Release */ = {
			isa = XCBuildConfiguration;
			baseConfigurationReference = C2DE3230801977899F35CBA7 /* Pods-KidHelperUITests.release.xcconfig */;
			buildSettings = {
				ALWAYS_EMBED_SWIFT_STANDARD_LIBRARIES = YES;
				CODE_SIGN_STYLE = Automatic;
				DEVELOPMENT_TEAM = 2A2G9N54ZA;
				INFOPLIST_FILE = KidHelperUITests/Info.plist;
				LD_RUNPATH_SEARCH_PATHS = "$(inherited) @executable_path/Frameworks @loader_path/Frameworks";
				LIBRARY_SEARCH_PATHS = (
					"$(inherited)",
					"$(PROJECT_DIR)/KidHelper/WXVoice",
				);
				PRODUCT_BUNDLE_IDENTIFIER = cn.com.chaser.KidHelperUITests;
				PRODUCT_NAME = "$(TARGET_NAME)";
				SWIFT_VERSION = 4.0;
				TARGETED_DEVICE_FAMILY = "1,2";
				TEST_TARGET_NAME = KidHelper;
			};
			name = Release;
		};
/* End XCBuildConfiguration section */

/* Begin XCConfigurationList section */
		CB0D709E20464BEE000EB616 /* Build configuration list for PBXProject "KidHelper" */ = {
			isa = XCConfigurationList;
			buildConfigurations = (
				CB0D70CB20464BEF000EB616 /* Debug */,
				CB0D70CC20464BEF000EB616 /* Release */,
			);
			defaultConfigurationIsVisible = 0;
			defaultConfigurationName = Release;
		};
		CB0D70CD20464BEF000EB616 /* Build configuration list for PBXNativeTarget "KidHelper" */ = {
			isa = XCConfigurationList;
			buildConfigurations = (
				CB0D70CE20464BEF000EB616 /* Debug */,
				CB0D70CF20464BEF000EB616 /* Release */,
			);
			defaultConfigurationIsVisible = 0;
			defaultConfigurationName = Release;
		};
		CB0D70D020464BEF000EB616 /* Build configuration list for PBXNativeTarget "KidHelperTests" */ = {
			isa = XCConfigurationList;
			buildConfigurations = (
				CB0D70D120464BEF000EB616 /* Debug */,
				CB0D70D220464BEF000EB616 /* Release */,
			);
			defaultConfigurationIsVisible = 0;
			defaultConfigurationName = Release;
		};
		CB0D70D320464BEF000EB616 /* Build configuration list for PBXNativeTarget "KidHelperUITests" */ = {
			isa = XCConfigurationList;
			buildConfigurations = (
				CB0D70D420464BEF000EB616 /* Debug */,
				CB0D70D520464BEF000EB616 /* Release */,
			);
			defaultConfigurationIsVisible = 0;
			defaultConfigurationName = Release;
		};
/* End XCConfigurationList section */
	};
	rootObject = CB0D709B20464BEE000EB616 /* Project object */;
}
